// !$*UTF8*$!
{
	archiveVersion = 1;
	classes = {
	};
	objectVersion = 46;
	objects = {

/* Begin PBXBuildFile section */
		00C302E51ABCBA2D00DB3ED1 /* libRCTActionSheet.a in Frameworks */ = {isa = PBXBuildFile; fileRef = 00C302AC1ABCB8CE00DB3ED1 /* libRCTActionSheet.a */; };
		00C302E71ABCBA2D00DB3ED1 /* libRCTGeolocation.a in Frameworks */ = {isa = PBXBuildFile; fileRef = 00C302BA1ABCB90400DB3ED1 /* libRCTGeolocation.a */; };
		00C302E81ABCBA2D00DB3ED1 /* libRCTImage.a in Frameworks */ = {isa = PBXBuildFile; fileRef = 00C302C01ABCB91800DB3ED1 /* libRCTImage.a */; };
		00C302E91ABCBA2D00DB3ED1 /* libRCTNetwork.a in Frameworks */ = {isa = PBXBuildFile; fileRef = 00C302DC1ABCB9D200DB3ED1 /* libRCTNetwork.a */; };
		00C302EA1ABCBA2D00DB3ED1 /* libRCTVibration.a in Frameworks */ = {isa = PBXBuildFile; fileRef = 00C302E41ABCB9EE00DB3ED1 /* libRCTVibration.a */; };
		1111D1661B18CC4B007370BA /* FontAwesome.otf in Resources */ = {isa = PBXBuildFile; fileRef = 1111D1461B18CB73007370BA /* FontAwesome.otf */; };
		1111D1681B18CC4B007370BA /* foundation-icons.ttf in Resources */ = {isa = PBXBuildFile; fileRef = 1111D1481B18CB73007370BA /* foundation-icons.ttf */; };
		1111D16A1B18CC4B007370BA /* zocial-regular-webfont.ttf in Resources */ = {isa = PBXBuildFile; fileRef = 1111D14A1B18CB73007370BA /* zocial-regular-webfont.ttf */; };
		1111D16C1B18E126007370BA /* Avenir Next.ttc in Resources */ = {isa = PBXBuildFile; fileRef = 1111D16B1B18E126007370BA /* Avenir Next.ttc */; };
		133E29F31AD74F7200F7D852 /* libRCTLinking.a in Frameworks */ = {isa = PBXBuildFile; fileRef = 78C398B91ACF4ADC00677621 /* libRCTLinking.a */; };
		13B07FBC1A68108700A75B9A /* AppDelegate.m in Sources */ = {isa = PBXBuildFile; fileRef = 13B07FB01A68108700A75B9A /* AppDelegate.m */; };
		13B07FBF1A68108700A75B9A /* Images.xcassets in Resources */ = {isa = PBXBuildFile; fileRef = 13B07FB51A68108700A75B9A /* Images.xcassets */; };
		13B07FC11A68108700A75B9A /* main.m in Sources */ = {isa = PBXBuildFile; fileRef = 13B07FB71A68108700A75B9A /* main.m */; };
		146834051AC3E58100842450 /* libReact.a in Frameworks */ = {isa = PBXBuildFile; fileRef = 146834041AC3E56700842450 /* libReact.a */; };
		4202C6761B6174FA007FE903 /* Settings.bundle in Resources */ = {isa = PBXBuildFile; fileRef = 4202C6751B6174FA007FE903 /* Settings.bundle */; };
		4202C6781B617525007FE903 /* CoreTelephony.framework in Frameworks */ = {isa = PBXBuildFile; fileRef = 4202C6771B617525007FE903 /* CoreTelephony.framework */; };
		4202C67A1B61752D007FE903 /* GLKit.framework in Frameworks */ = {isa = PBXBuildFile; fileRef = 4202C6791B61752D007FE903 /* GLKit.framework */; };
		4202C67C1B617535007FE903 /* ImageIO.framework in Frameworks */ = {isa = PBXBuildFile; fileRef = 4202C67B1B617535007FE903 /* ImageIO.framework */; };
		4202C67E1B617541007FE903 /* MobileCoreServices.framework in Frameworks */ = {isa = PBXBuildFile; fileRef = 4202C67D1B617541007FE903 /* MobileCoreServices.framework */; };
		4202C6801B617547007FE903 /* QuartzCore.framework in Frameworks */ = {isa = PBXBuildFile; fileRef = 4202C67F1B617547007FE903 /* QuartzCore.framework */; };
		4202C6871B61759A007FE903 /* libRNKeyboardEvents.a in Frameworks */ = {isa = PBXBuildFile; fileRef = 4202C6861B617592007FE903 /* libRNKeyboardEvents.a */; };
		4202C6981B6175E5007FE903 /* libRCTAddressBook.a in Frameworks */ = {isa = PBXBuildFile; fileRef = 4202C6951B6175DF007FE903 /* libRCTAddressBook.a */; };
		4202C69F1B6175F9007FE903 /* libRNVectorIcons.a in Frameworks */ = {isa = PBXBuildFile; fileRef = 4202C69E1B6175F0007FE903 /* libRNVectorIcons.a */; };
		420C36CC1B2212FF008E8F87 /* RNBlur in Resources */ = {isa = PBXBuildFile; fileRef = 420C36CA1B2212FF008E8F87 /* RNBlur */; };
		420C36CD1B2212FF008E8F87 /* RNVibrancy in Resources */ = {isa = PBXBuildFile; fileRef = 420C36CB1B2212FF008E8F87 /* RNVibrancy */; };
		420C36EC1B2218E7008E8F87 /* libBVLinearGradient.a in Frameworks */ = {isa = PBXBuildFile; fileRef = 420C36EB1B2218B9008E8F87 /* libBVLinearGradient.a */; };
		4227206B1BADBB9E00B69238 /* BlurView.m in Sources */ = {isa = PBXBuildFile; fileRef = 422720681BADBB9E00B69238 /* BlurView.m */; settings = {ASSET_TAGS = (); }; };
		4227206C1BADBB9E00B69238 /* BlurViewManager.m in Sources */ = {isa = PBXBuildFile; fileRef = 4227206A1BADBB9E00B69238 /* BlurViewManager.m */; settings = {ASSET_TAGS = (); }; };
		422720911BADBBAC00B69238 /* VibrancyView.m in Sources */ = {isa = PBXBuildFile; fileRef = 4227208E1BADBBAC00B69238 /* VibrancyView.m */; settings = {ASSET_TAGS = (); }; };
		422720921BADBBAC00B69238 /* VibrancyViewManager.m in Sources */ = {isa = PBXBuildFile; fileRef = 422720901BADBBAC00B69238 /* VibrancyViewManager.m */; settings = {ASSET_TAGS = (); }; };
		424043F71B91F02C00AE8C6E /* libRNGL.a in Frameworks */ = {isa = PBXBuildFile; fileRef = 424043EE1B91F01900AE8C6E /* libRNGL.a */; };
		424BBF901B38C91E006C95AA /* libRNUserDefaultsIOS.a in Frameworks */ = {isa = PBXBuildFile; fileRef = 424BBF8D1B38C917006C95AA /* libRNUserDefaultsIOS.a */; };
		4250E8661B61924800D06A0B /* libRNKeychain.a in Frameworks */ = {isa = PBXBuildFile; fileRef = 4250E8601B61923700D06A0B /* libRNKeychain.a */; };
		4264D3B41B986D9E00389E41 /* libRCTMaterialKit.a in Frameworks */ = {isa = PBXBuildFile; fileRef = 4264D3A31B986D9500389E41 /* libRCTMaterialKit.a */; };
		426E0EA71B83BF2800DCFBBC /* UIImagePickerManager.m in Sources */ = {isa = PBXBuildFile; fileRef = 426E0EA61B83BF2800DCFBBC /* UIImagePickerManager.m */; };
		42CE1E881B80FE6A00EA8CA4 /* WebViewBridge in Resources */ = {isa = PBXBuildFile; fileRef = 42CE1E871B80FE6A00EA8CA4 /* WebViewBridge */; };
		42D8D3111B221FBB00B7BAEF /* libRCTVideo.a in Frameworks */ = {isa = PBXBuildFile; fileRef = 42D8D3101B221FBB00B7BAEF /* libRCTVideo.a */; };
		42D987E51B9A1520008D63C2 /* libReactNativeVersionsIOS.a in Frameworks */ = {isa = PBXBuildFile; fileRef = 42D987E21B9A150E008D63C2 /* libReactNativeVersionsIOS.a */; };
		42DF0C6B1B3D679700AA060D /* libActivityView.a in Frameworks */ = {isa = PBXBuildFile; fileRef = 42DF0C6A1B3D678800AA060D /* libActivityView.a */; };
		42F188861BA2396A00E0E948 /* Fabric.framework in Frameworks */ = {isa = PBXBuildFile; fileRef = 42F188841BA2396A00E0E948 /* Fabric.framework */; };
		42F188871BA2396A00E0E948 /* Crashlytics.framework in Frameworks */ = {isa = PBXBuildFile; fileRef = 42F188851BA2396A00E0E948 /* Crashlytics.framework */; };
		42F2283C1AF7E25B00A26CF9 /* photo-camera5.png in Resources */ = {isa = PBXBuildFile; fileRef = 42F2283B1AF7E25B00A26CF9 /* photo-camera5.png */; };
		42F228431AF7E4D000A26CF9 /* libRNOverlay.a in Frameworks */ = {isa = PBXBuildFile; fileRef = 42F228421AF7E4BE00A26CF9 /* libRNOverlay.a */; };
		42FF2E051BACFACA00C3B66B /* libRNTableView.a in Frameworks */ = {isa = PBXBuildFile; fileRef = 42FF2E041BACFAC600C3B66B /* libRNTableView.a */; };
		42FF2E061BACFC1100C3B66B /* libRCTMapboxGL.a in Frameworks */ = {isa = PBXBuildFile; fileRef = 42D5E8621B892BC800688341 /* libRCTMapboxGL.a */; };
		42FF2E081BACFC5700C3B66B /* Mapbox.bundle in Resources */ = {isa = PBXBuildFile; fileRef = 42FF2E071BACFC5700C3B66B /* Mapbox.bundle */; };
		55B8F8881B1E4F24002F65B0 /* AppReloader.m in Sources */ = {isa = PBXBuildFile; fileRef = 55B8F8871B1E4F24002F65B0 /* AppReloader.m */; };
		55B8F9F41B20A858002F65B0 /* CoreData.framework in Frameworks */ = {isa = PBXBuildFile; fileRef = 55B8F9F31B20A858002F65B0 /* CoreData.framework */; };
		55B8F9F61B20A861002F65B0 /* SystemConfiguration.framework in Frameworks */ = {isa = PBXBuildFile; fileRef = 55B8F9F51B20A861002F65B0 /* SystemConfiguration.framework */; };
		55B8F9F81B20A869002F65B0 /* libz.dylib in Frameworks */ = {isa = PBXBuildFile; fileRef = 55B8F9F71B20A869002F65B0 /* libz.dylib */; };
		55B8F9FA1B20A873002F65B0 /* libsqlite3.dylib in Frameworks */ = {isa = PBXBuildFile; fileRef = 55B8F9F91B20A873002F65B0 /* libsqlite3.dylib */; };
		55E1662E1B994C63006817EA /* LaunchScreen.xib in Resources */ = {isa = PBXBuildFile; fileRef = 55B8FA351B20BA27002F65B0 /* LaunchScreen.xib */; };
		55E166381B994EFE006817EA /* Entypo.ttf in Resources */ = {isa = PBXBuildFile; fileRef = 55E166301B994EFD006817EA /* Entypo.ttf */; };
		55E166391B994EFE006817EA /* EvilIcons.ttf in Resources */ = {isa = PBXBuildFile; fileRef = 55E166311B994EFD006817EA /* EvilIcons.ttf */; };
		55E1663A1B994EFE006817EA /* FontAwesome.ttf in Resources */ = {isa = PBXBuildFile; fileRef = 55E166321B994EFE006817EA /* FontAwesome.ttf */; };
		55E1663B1B994EFE006817EA /* Foundation.ttf in Resources */ = {isa = PBXBuildFile; fileRef = 55E166331B994EFE006817EA /* Foundation.ttf */; };
		55E1663C1B994EFE006817EA /* Ionicons.ttf in Resources */ = {isa = PBXBuildFile; fileRef = 55E166341B994EFE006817EA /* Ionicons.ttf */; };
		55E1663D1B994EFE006817EA /* MaterialIcons.ttf in Resources */ = {isa = PBXBuildFile; fileRef = 55E166351B994EFE006817EA /* MaterialIcons.ttf */; };
		55E1663E1B994EFE006817EA /* Octicons.ttf in Resources */ = {isa = PBXBuildFile; fileRef = 55E166361B994EFE006817EA /* Octicons.ttf */; };
		55E1663F1B994EFE006817EA /* Zocial.ttf in Resources */ = {isa = PBXBuildFile; fileRef = 55E166371B994EFE006817EA /* Zocial.ttf */; };
		55FF68641B97284600257CB9 /* AppLoadingView.m in Sources */ = {isa = PBXBuildFile; fileRef = 55FF68631B97284600257CB9 /* AppLoadingView.m */; };
		55FF68681B97830200257CB9 /* AppLoadingView.xib in Resources */ = {isa = PBXBuildFile; fileRef = 55FF68671B97830200257CB9 /* AppLoadingView.xib */; };
		832341BD1AAA6AB300B99B32 /* libRCTText.a in Frameworks */ = {isa = PBXBuildFile; fileRef = 832341B51AAA6A8300B99B32 /* libRCTText.a */; };
		867C39BAACCCFA0CC845288E /* libPods-RNPlayNative.a in Frameworks */ = {isa = PBXBuildFile; fileRef = F25AFDDDA6351DCA30B885B0 /* libPods-RNPlayNative.a */; };
		BB0C0AEC1B02ACF800BDEA30 /* libART.a in Frameworks */ = {isa = PBXBuildFile; fileRef = BB0C0ADF1B02ACE900BDEA30 /* libART.a */; };
		BB0C0AF81B02FF7F00BDEA30 /* uiexplorer.jsbundle in Resources */ = {isa = PBXBuildFile; fileRef = BB0C0AF71B02FF7F00BDEA30 /* uiexplorer.jsbundle */; };
		BB0C0AFF1B02FFB800BDEA30 /* libRCTSettings.a in Frameworks */ = {isa = PBXBuildFile; fileRef = BB0C0AFE1B02FFB100BDEA30 /* libRCTSettings.a */; };
		BB978E0C1B1A7028003774EB /* libRCTCamera.a in Frameworks */ = {isa = PBXBuildFile; fileRef = BB978E0B1B1A7022003774EB /* libRCTCamera.a */; };
		BBA8F2681B0D2593009C7EB9 /* libRCTWebSocket.a in Frameworks */ = {isa = PBXBuildFile; fileRef = BBA8F2671B0D258B009C7EB9 /* libRCTWebSocket.a */; };
		BBA8F26A1B0D267C009C7EB9 /* main.jsbundle in Resources */ = {isa = PBXBuildFile; fileRef = BBA8F2691B0D267C009C7EB9 /* main.jsbundle */; };
		BBB0D2011B2231820043BDB0 /* Foundation.framework in Frameworks */ = {isa = PBXBuildFile; fileRef = BBB0D2001B2231820043BDB0 /* Foundation.framework */; };
		BBE164331B223408001FC1AC /* libc++.dylib in Frameworks */ = {isa = PBXBuildFile; fileRef = BBB0D2021B2231CA0043BDB0 /* libc++.dylib */; };
		EE49F76F1AFA1F8D002F30A8 /* ViewController.m in Sources */ = {isa = PBXBuildFile; fileRef = EE49F76E1AFA1F8D002F30A8 /* ViewController.m */; };
/* End PBXBuildFile section */

/* Begin PBXContainerItemProxy section */
		00C302AB1ABCB8CE00DB3ED1 /* PBXContainerItemProxy */ = {
			isa = PBXContainerItemProxy;
			containerPortal = 00C302A71ABCB8CE00DB3ED1 /* RCTActionSheet.xcodeproj */;
			proxyType = 2;
			remoteGlobalIDString = 134814201AA4EA6300B7C361;
			remoteInfo = RCTActionSheet;
		};
		00C302B91ABCB90400DB3ED1 /* PBXContainerItemProxy */ = {
			isa = PBXContainerItemProxy;
			containerPortal = 00C302B51ABCB90400DB3ED1 /* RCTGeolocation.xcodeproj */;
			proxyType = 2;
			remoteGlobalIDString = 134814201AA4EA6300B7C361;
			remoteInfo = RCTGeolocation;
		};
		00C302BF1ABCB91800DB3ED1 /* PBXContainerItemProxy */ = {
			isa = PBXContainerItemProxy;
			containerPortal = 00C302BB1ABCB91800DB3ED1 /* RCTImage.xcodeproj */;
			proxyType = 2;
			remoteGlobalIDString = 58B5115D1A9E6B3D00147676;
			remoteInfo = RCTImage;
		};
		00C302DB1ABCB9D200DB3ED1 /* PBXContainerItemProxy */ = {
			isa = PBXContainerItemProxy;
			containerPortal = 00C302D31ABCB9D200DB3ED1 /* RCTNetwork.xcodeproj */;
			proxyType = 2;
			remoteGlobalIDString = 58B511DB1A9E6C8500147676;
			remoteInfo = RCTNetwork;
		};
		00C302E31ABCB9EE00DB3ED1 /* PBXContainerItemProxy */ = {
			isa = PBXContainerItemProxy;
			containerPortal = 00C302DF1ABCB9EE00DB3ED1 /* RCTVibration.xcodeproj */;
			proxyType = 2;
			remoteGlobalIDString = 832C81801AAF6DEF007FA2F7;
			remoteInfo = RCTVibration;
		};
		146834031AC3E56700842450 /* PBXContainerItemProxy */ = {
			isa = PBXContainerItemProxy;
			containerPortal = 146833FF1AC3E56700842450 /* React.xcodeproj */;
			proxyType = 2;
			remoteGlobalIDString = 83CBBA2E1A601D0E00E9B192;
			remoteInfo = React;
		};
		4202C6851B617592007FE903 /* PBXContainerItemProxy */ = {
			isa = PBXContainerItemProxy;
			containerPortal = 4202C6811B617592007FE903 /* RNKeyboardEvents.xcodeproj */;
			proxyType = 2;
			remoteGlobalIDString = F12AFB9B1ADAF8F800E0535D;
			remoteInfo = RNKeyboardEvents;
		};
		4202C6941B6175DF007FE903 /* PBXContainerItemProxy */ = {
			isa = PBXContainerItemProxy;
			containerPortal = 4202C68F1B6175DF007FE903 /* RCTAddressBook.xcodeproj */;
			proxyType = 2;
			remoteGlobalIDString = 145CC5701AED80100006342E;
			remoteInfo = RCTAddressBook;
		};
		4202C6961B6175DF007FE903 /* PBXContainerItemProxy */ = {
			isa = PBXContainerItemProxy;
			containerPortal = 4202C68F1B6175DF007FE903 /* RCTAddressBook.xcodeproj */;
			proxyType = 2;
			remoteGlobalIDString = 145CC57B1AED80100006342E;
			remoteInfo = RCTAddressBookTests;
		};
		4202C69D1B6175F0007FE903 /* PBXContainerItemProxy */ = {
			isa = PBXContainerItemProxy;
			containerPortal = 4202C6991B6175F0007FE903 /* RNVectorIcons.xcodeproj */;
			proxyType = 2;
			remoteGlobalIDString = 5DBEB1501B18CEA900B34395;
			remoteInfo = RNVectorIcons;
		};
		420C36EA1B2218B9008E8F87 /* PBXContainerItemProxy */ = {
			isa = PBXContainerItemProxy;
			containerPortal = 420C36DC1B221876008E8F87 /* BVLinearGradient.xcodeproj */;
			proxyType = 2;
			remoteGlobalIDString = 134814201AA4EA6300B7C361;
			remoteInfo = BVLinearGradient;
		};
		424043ED1B91F01900AE8C6E /* PBXContainerItemProxy */ = {
			isa = PBXContainerItemProxy;
			containerPortal = 424043D41B91F01900AE8C6E /* RNGL.xcodeproj */;
			proxyType = 2;
			remoteGlobalIDString = 34B330031B821571003856F8;
			remoteInfo = RNGL;
		};
		424043EF1B91F01900AE8C6E /* PBXContainerItemProxy */ = {
			isa = PBXContainerItemProxy;
			containerPortal = 424043D41B91F01900AE8C6E /* RNGL.xcodeproj */;
			proxyType = 2;
			remoteGlobalIDString = 34B3300E1B821571003856F8;
			remoteInfo = RNGLTests;
		};
		424BBF8C1B38C917006C95AA /* PBXContainerItemProxy */ = {
			isa = PBXContainerItemProxy;
			containerPortal = 424BBF771B38C917006C95AA /* RNUserDefaultsIOS.xcodeproj */;
			proxyType = 2;
			remoteGlobalIDString = 559FCEEF1B06A72F003129B0;
			remoteInfo = RNUserDefaultsIOS;
		};
		424BBF8E1B38C917006C95AA /* PBXContainerItemProxy */ = {
			isa = PBXContainerItemProxy;
			containerPortal = 424BBF771B38C917006C95AA /* RNUserDefaultsIOS.xcodeproj */;
			proxyType = 2;
			remoteGlobalIDString = 559FCEFA1B06A72F003129B0;
			remoteInfo = RNUserDefaultsIOSTests;
		};
		4250E85F1B61923700D06A0B /* PBXContainerItemProxy */ = {
			isa = PBXContainerItemProxy;
			containerPortal = 4250E8451B61923600D06A0B /* RNKeychain.xcodeproj */;
			proxyType = 2;
			remoteGlobalIDString = 5D82366F1B0CE05B005A9EF3;
			remoteInfo = RNKeychain;
		};
		4264D3A21B986D9500389E41 /* PBXContainerItemProxy */ = {
			isa = PBXContainerItemProxy;
			containerPortal = 4264D3921B986D9500389E41 /* RCTMaterialKit.xcodeproj */;
			proxyType = 2;
			remoteGlobalIDString = 8A1B8E771B22E4E300DB45C2;
			remoteInfo = RCTMaterialKit;
		};
		42D5E8611B892BC800688341 /* PBXContainerItemProxy */ = {
			isa = PBXContainerItemProxy;
			containerPortal = 42D5E8521B892BC700688341 /* RCTMapboxGL.xcodeproj */;
			proxyType = 2;
			remoteGlobalIDString = C5DBB3401AF2EF2B00E611A9;
			remoteInfo = RCTMapboxGL;
		};
		42D5E8631B892BC800688341 /* PBXContainerItemProxy */ = {
			isa = PBXContainerItemProxy;
			containerPortal = 42D5E8521B892BC700688341 /* RCTMapboxGL.xcodeproj */;
			proxyType = 2;
			remoteGlobalIDString = C5DBB34B1AF2EF2B00E611A9;
			remoteInfo = RCTMapboxGLTests;
		};
		42D987E11B9A150E008D63C2 /* PBXContainerItemProxy */ = {
			isa = PBXContainerItemProxy;
			containerPortal = 42D987DC1B9A150E008D63C2 /* ReactNativeVersionsIOS.xcodeproj */;
			proxyType = 2;
			remoteGlobalIDString = 558465821B76C5AA00A48C67;
			remoteInfo = ReactNativeVersionsIOS;
		};
		42D987E31B9A150E008D63C2 /* PBXContainerItemProxy */ = {
			isa = PBXContainerItemProxy;
			containerPortal = 42D987DC1B9A150E008D63C2 /* ReactNativeVersionsIOS.xcodeproj */;
			proxyType = 2;
			remoteGlobalIDString = 5584658D1B76C5AA00A48C67;
			remoteInfo = ReactNativeVersionsIOSTests;
		};
		42DF0C691B3D678800AA060D /* PBXContainerItemProxy */ = {
			isa = PBXContainerItemProxy;
			containerPortal = 42DF0C651B3D678800AA060D /* ActivityView.xcodeproj */;
			proxyType = 2;
			remoteGlobalIDString = 134814201AA4EA6300B7C361;
			remoteInfo = ActivityView;
		};
		42DF0C701B3D67A900AA060D /* PBXContainerItemProxy */ = {
			isa = PBXContainerItemProxy;
			containerPortal = 42DF0C6C1B3D67A900AA060D /* RCTVideo.xcodeproj */;
			proxyType = 2;
			remoteGlobalIDString = 134814201AA4EA6300B7C361;
			remoteInfo = RCTVideo;
		};
		42F228411AF7E4BE00A26CF9 /* PBXContainerItemProxy */ = {
			isa = PBXContainerItemProxy;
			containerPortal = 42F2283D1AF7E4BE00A26CF9 /* RNOverlay.xcodeproj */;
			proxyType = 2;
			remoteGlobalIDString = 134814201AA4EA6300B7C361;
			remoteInfo = RNOverlay;
		};
		42FF2E031BACFAC600C3B66B /* PBXContainerItemProxy */ = {
			isa = PBXContainerItemProxy;
			containerPortal = 42FF2DFF1BACFAC600C3B66B /* RNTableView.xcodeproj */;
			proxyType = 2;
			remoteGlobalIDString = 873769951B7CD6E900F7C3C2;
			remoteInfo = RNTableView;
		};
		78C398B81ACF4ADC00677621 /* PBXContainerItemProxy */ = {
			isa = PBXContainerItemProxy;
			containerPortal = 78C398B01ACF4ADC00677621 /* RCTLinking.xcodeproj */;
			proxyType = 2;
			remoteGlobalIDString = 134814201AA4EA6300B7C361;
			remoteInfo = RCTLinking;
		};
		832341B41AAA6A8300B99B32 /* PBXContainerItemProxy */ = {
			isa = PBXContainerItemProxy;
			containerPortal = 832341B01AAA6A8300B99B32 /* RCTText.xcodeproj */;
			proxyType = 2;
			remoteGlobalIDString = 58B5119B1A9E6C1200147676;
			remoteInfo = RCTText;
		};
		BB0C0ADE1B02ACE900BDEA30 /* PBXContainerItemProxy */ = {
			isa = PBXContainerItemProxy;
			containerPortal = BB0C0ADA1B02ACE900BDEA30 /* ART.xcodeproj */;
			proxyType = 2;
			remoteGlobalIDString = 0CF68AC11AF0540F00FF9E5C;
			remoteInfo = ART;
		};
		BB0C0AFD1B02FFB100BDEA30 /* PBXContainerItemProxy */ = {
			isa = PBXContainerItemProxy;
			containerPortal = BB0C0AF91B02FFB100BDEA30 /* RCTSettings.xcodeproj */;
			proxyType = 2;
			remoteGlobalIDString = 134814201AA4EA6300B7C361;
			remoteInfo = RCTSettings;
		};
		BB6FD5401B2227F60098F937 /* PBXContainerItemProxy */ = {
			isa = PBXContainerItemProxy;
			containerPortal = 42D8D2FA1B221F7A00B7BAEF /* RCTVideo.xcodeproj */;
			proxyType = 2;
			remoteGlobalIDString = 134814201AA4EA6300B7C361;
			remoteInfo = RCTVideo;
		};
		BB978E0A1B1A7022003774EB /* PBXContainerItemProxy */ = {
			isa = PBXContainerItemProxy;
			containerPortal = BB978E061B1A7021003774EB /* RCTCamera.xcodeproj */;
			proxyType = 2;
			remoteGlobalIDString = 4107012F1ACB723B00C6AA39;
			remoteInfo = RCTCamera;
		};
		BBA8F2661B0D258B009C7EB9 /* PBXContainerItemProxy */ = {
			isa = PBXContainerItemProxy;
			containerPortal = BBA8F2621B0D258B009C7EB9 /* RCTWebSocket.xcodeproj */;
			proxyType = 2;
			remoteGlobalIDString = 3C86DF461ADF2C930047B81A;
			remoteInfo = RCTWebSocket;
		};
/* End PBXContainerItemProxy section */

/* Begin PBXCopyFilesBuildPhase section */
		BBE164321B2233FB001FC1AC /* Embed Frameworks */ = {
			isa = PBXCopyFilesBuildPhase;
			buildActionMask = 2147483647;
			dstPath = "";
			dstSubfolderSpec = 10;
			files = (
			);
			name = "Embed Frameworks";
			runOnlyForDeploymentPostprocessing = 0;
		};
/* End PBXCopyFilesBuildPhase section */

/* Begin PBXFileReference section */
		00C302A71ABCB8CE00DB3ED1 /* RCTActionSheet.xcodeproj */ = {isa = PBXFileReference; lastKnownFileType = "wrapper.pb-project"; name = RCTActionSheet.xcodeproj; path = "node_modules/react-native/Libraries/ActionSheetIOS/RCTActionSheet.xcodeproj"; sourceTree = "<group>"; };
		00C302B51ABCB90400DB3ED1 /* RCTGeolocation.xcodeproj */ = {isa = PBXFileReference; lastKnownFileType = "wrapper.pb-project"; name = RCTGeolocation.xcodeproj; path = "node_modules/react-native/Libraries/Geolocation/RCTGeolocation.xcodeproj"; sourceTree = "<group>"; };
		00C302BB1ABCB91800DB3ED1 /* RCTImage.xcodeproj */ = {isa = PBXFileReference; lastKnownFileType = "wrapper.pb-project"; name = RCTImage.xcodeproj; path = "node_modules/react-native/Libraries/Image/RCTImage.xcodeproj"; sourceTree = "<group>"; };
		00C302D31ABCB9D200DB3ED1 /* RCTNetwork.xcodeproj */ = {isa = PBXFileReference; lastKnownFileType = "wrapper.pb-project"; name = RCTNetwork.xcodeproj; path = "node_modules/react-native/Libraries/Network/RCTNetwork.xcodeproj"; sourceTree = "<group>"; };
		00C302DF1ABCB9EE00DB3ED1 /* RCTVibration.xcodeproj */ = {isa = PBXFileReference; lastKnownFileType = "wrapper.pb-project"; name = RCTVibration.xcodeproj; path = "node_modules/react-native/Libraries/Vibration/RCTVibration.xcodeproj"; sourceTree = "<group>"; };
		00E356F11AD99517003FC87E /* Info.plist */ = {isa = PBXFileReference; lastKnownFileType = text.plist.xml; path = Info.plist; sourceTree = "<group>"; };
		00E356F21AD99517003FC87E /* RNPlayNativeTests.m */ = {isa = PBXFileReference; lastKnownFileType = sourcecode.c.objc; path = RNPlayNativeTests.m; sourceTree = "<group>"; };
		1111D1461B18CB73007370BA /* FontAwesome.otf */ = {isa = PBXFileReference; lastKnownFileType = file; name = FontAwesome.otf; path = "node_modules/react-native-icons/ios/ReactNativeIcons/Libraries/FontAwesomeKit/FontAwesome.otf"; sourceTree = "<group>"; };
		1111D1481B18CB73007370BA /* foundation-icons.ttf */ = {isa = PBXFileReference; lastKnownFileType = file; name = "foundation-icons.ttf"; path = "node_modules/react-native-icons/ios/ReactNativeIcons/Libraries/FontAwesomeKit/foundation-icons.ttf"; sourceTree = "<group>"; };
		1111D1491B18CB73007370BA /* ionicons.ttf */ = {isa = PBXFileReference; lastKnownFileType = file; name = ionicons.ttf; path = "node_modules/react-native-icons/ios/ReactNativeIcons/Libraries/FontAwesomeKit/ionicons.ttf"; sourceTree = "<group>"; };
		1111D14A1B18CB73007370BA /* zocial-regular-webfont.ttf */ = {isa = PBXFileReference; lastKnownFileType = file; name = "zocial-regular-webfont.ttf"; path = "node_modules/react-native-icons/ios/ReactNativeIcons/Libraries/FontAwesomeKit/zocial-regular-webfont.ttf"; sourceTree = "<group>"; };
		1111D16B1B18E126007370BA /* Avenir Next.ttc */ = {isa = PBXFileReference; lastKnownFileType = file; path = "Avenir Next.ttc"; sourceTree = "<group>"; };
		13B07F961A680F5B00A75B9A /* Playground.app */ = {isa = PBXFileReference; explicitFileType = wrapper.application; includeInIndex = 0; path = Playground.app; sourceTree = BUILT_PRODUCTS_DIR; };
		13B07FAF1A68108700A75B9A /* AppDelegate.h */ = {isa = PBXFileReference; fileEncoding = 4; lastKnownFileType = sourcecode.c.h; lineEnding = 0; name = AppDelegate.h; path = iOS/AppDelegate.h; sourceTree = "<group>"; xcLanguageSpecificationIdentifier = xcode.lang.objcpp; };
		13B07FB01A68108700A75B9A /* AppDelegate.m */ = {isa = PBXFileReference; fileEncoding = 4; lastKnownFileType = sourcecode.c.objc; lineEnding = 0; name = AppDelegate.m; path = iOS/AppDelegate.m; sourceTree = "<group>"; xcLanguageSpecificationIdentifier = xcode.lang.objc; };
		13B07FB51A68108700A75B9A /* Images.xcassets */ = {isa = PBXFileReference; lastKnownFileType = folder.assetcatalog; name = Images.xcassets; path = iOS/Images.xcassets; sourceTree = "<group>"; };
		13B07FB61A68108700A75B9A /* Info.plist */ = {isa = PBXFileReference; fileEncoding = 4; lastKnownFileType = text.plist.xml; name = Info.plist; path = iOS/Info.plist; sourceTree = "<group>"; };
		13B07FB71A68108700A75B9A /* main.m */ = {isa = PBXFileReference; fileEncoding = 4; lastKnownFileType = sourcecode.c.objc; name = main.m; path = iOS/main.m; sourceTree = "<group>"; };
		146833FF1AC3E56700842450 /* React.xcodeproj */ = {isa = PBXFileReference; lastKnownFileType = "wrapper.pb-project"; name = React.xcodeproj; path = "node_modules/react-native/React/React.xcodeproj"; sourceTree = "<group>"; };
		4202C6751B6174FA007FE903 /* Settings.bundle */ = {isa = PBXFileReference; lastKnownFileType = "wrapper.plug-in"; name = Settings.bundle; path = "node_modules/react-native-mapbox-gl/RCTMapboxGL/Settings.bundle"; sourceTree = "<group>"; };
		4202C6771B617525007FE903 /* CoreTelephony.framework */ = {isa = PBXFileReference; lastKnownFileType = wrapper.framework; name = CoreTelephony.framework; path = System/Library/Frameworks/CoreTelephony.framework; sourceTree = SDKROOT; };
		4202C6791B61752D007FE903 /* GLKit.framework */ = {isa = PBXFileReference; lastKnownFileType = wrapper.framework; name = GLKit.framework; path = System/Library/Frameworks/GLKit.framework; sourceTree = SDKROOT; };
		4202C67B1B617535007FE903 /* ImageIO.framework */ = {isa = PBXFileReference; lastKnownFileType = wrapper.framework; name = ImageIO.framework; path = System/Library/Frameworks/ImageIO.framework; sourceTree = SDKROOT; };
		4202C67D1B617541007FE903 /* MobileCoreServices.framework */ = {isa = PBXFileReference; lastKnownFileType = wrapper.framework; name = MobileCoreServices.framework; path = System/Library/Frameworks/MobileCoreServices.framework; sourceTree = SDKROOT; };
		4202C67F1B617547007FE903 /* QuartzCore.framework */ = {isa = PBXFileReference; lastKnownFileType = wrapper.framework; name = QuartzCore.framework; path = System/Library/Frameworks/QuartzCore.framework; sourceTree = SDKROOT; };
		4202C6811B617592007FE903 /* RNKeyboardEvents.xcodeproj */ = {isa = PBXFileReference; lastKnownFileType = "wrapper.pb-project"; name = RNKeyboardEvents.xcodeproj; path = "node_modules/react-native-keyboardevents/RNKeyboardEvents.xcodeproj"; sourceTree = "<group>"; };
		4202C68F1B6175DF007FE903 /* RCTAddressBook.xcodeproj */ = {isa = PBXFileReference; lastKnownFileType = "wrapper.pb-project"; name = RCTAddressBook.xcodeproj; path = "node_modules/react-native-addressbook/RCTAddressBook.xcodeproj"; sourceTree = "<group>"; };
		4202C6991B6175F0007FE903 /* RNVectorIcons.xcodeproj */ = {isa = PBXFileReference; lastKnownFileType = "wrapper.pb-project"; name = RNVectorIcons.xcodeproj; path = "node_modules/react-native-vector-icons/RNVectorIcons.xcodeproj"; sourceTree = "<group>"; };
		420C36CA1B2212FF008E8F87 /* RNBlur */ = {isa = PBXFileReference; lastKnownFileType = folder; name = RNBlur; path = "node_modules/react-native-blur/RNBlur"; sourceTree = "<group>"; };
		420C36CB1B2212FF008E8F87 /* RNVibrancy */ = {isa = PBXFileReference; lastKnownFileType = folder; name = RNVibrancy; path = "node_modules/react-native-blur/RNVibrancy"; sourceTree = "<group>"; };
		420C36DC1B221876008E8F87 /* BVLinearGradient.xcodeproj */ = {isa = PBXFileReference; lastKnownFileType = "wrapper.pb-project"; name = BVLinearGradient.xcodeproj; path = "node_modules/react-native-linear-gradient/BVLinearGradient.xcodeproj"; sourceTree = "<group>"; };
		422720671BADBB9E00B69238 /* BlurView.h */ = {isa = PBXFileReference; fileEncoding = 4; lastKnownFileType = sourcecode.c.h; name = BlurView.h; path = "node_modules/react-native-blur/RNBlur/BlurView.h"; sourceTree = "<group>"; };
		422720681BADBB9E00B69238 /* BlurView.m */ = {isa = PBXFileReference; fileEncoding = 4; lastKnownFileType = sourcecode.c.objc; name = BlurView.m; path = "node_modules/react-native-blur/RNBlur/BlurView.m"; sourceTree = "<group>"; };
		422720691BADBB9E00B69238 /* BlurViewManager.h */ = {isa = PBXFileReference; fileEncoding = 4; lastKnownFileType = sourcecode.c.h; name = BlurViewManager.h; path = "node_modules/react-native-blur/RNBlur/BlurViewManager.h"; sourceTree = "<group>"; };
		4227206A1BADBB9E00B69238 /* BlurViewManager.m */ = {isa = PBXFileReference; fileEncoding = 4; lastKnownFileType = sourcecode.c.objc; name = BlurViewManager.m; path = "node_modules/react-native-blur/RNBlur/BlurViewManager.m"; sourceTree = "<group>"; };
		4227208D1BADBBAC00B69238 /* VibrancyView.h */ = {isa = PBXFileReference; fileEncoding = 4; lastKnownFileType = sourcecode.c.h; name = VibrancyView.h; path = "node_modules/react-native-blur/RNVibrancy/VibrancyView.h"; sourceTree = "<group>"; };
		4227208E1BADBBAC00B69238 /* VibrancyView.m */ = {isa = PBXFileReference; fileEncoding = 4; lastKnownFileType = sourcecode.c.objc; name = VibrancyView.m; path = "node_modules/react-native-blur/RNVibrancy/VibrancyView.m"; sourceTree = "<group>"; };
		4227208F1BADBBAC00B69238 /* VibrancyViewManager.h */ = {isa = PBXFileReference; fileEncoding = 4; lastKnownFileType = sourcecode.c.h; name = VibrancyViewManager.h; path = "node_modules/react-native-blur/RNVibrancy/VibrancyViewManager.h"; sourceTree = "<group>"; };
		422720901BADBBAC00B69238 /* VibrancyViewManager.m */ = {isa = PBXFileReference; fileEncoding = 4; lastKnownFileType = sourcecode.c.objc; name = VibrancyViewManager.m; path = "node_modules/react-native-blur/RNVibrancy/VibrancyViewManager.m"; sourceTree = "<group>"; };
		424043D41B91F01900AE8C6E /* RNGL.xcodeproj */ = {isa = PBXFileReference; lastKnownFileType = "wrapper.pb-project"; name = RNGL.xcodeproj; path = "node_modules/gl-react-native/RNGL.xcodeproj"; sourceTree = "<group>"; };
		424BBF771B38C917006C95AA /* RNUserDefaultsIOS.xcodeproj */ = {isa = PBXFileReference; lastKnownFileType = "wrapper.pb-project"; name = RNUserDefaultsIOS.xcodeproj; path = "node_modules/react-native-userdefaults-ios/RNUserDefaultsIOS.xcodeproj"; sourceTree = "<group>"; };
		4250E8451B61923600D06A0B /* RNKeychain.xcodeproj */ = {isa = PBXFileReference; lastKnownFileType = "wrapper.pb-project"; name = RNKeychain.xcodeproj; path = "node_modules/react-native-keychain/RNKeychain.xcodeproj"; sourceTree = "<group>"; };
		4264D3921B986D9500389E41 /* RCTMaterialKit.xcodeproj */ = {isa = PBXFileReference; lastKnownFileType = "wrapper.pb-project"; name = RCTMaterialKit.xcodeproj; path = "node_modules/react-native-material-kit/iOS/RCTMaterialKit.xcodeproj"; sourceTree = "<group>"; };
		426E0EA51B83BF2800DCFBBC /* UIImagePickerManager.h */ = {isa = PBXFileReference; fileEncoding = 4; lastKnownFileType = sourcecode.c.h; name = UIImagePickerManager.h; path = "node_modules/react-native-image-picker/UIImagePickerManager/UIImagePickerManager.h"; sourceTree = "<group>"; };
		426E0EA61B83BF2800DCFBBC /* UIImagePickerManager.m */ = {isa = PBXFileReference; fileEncoding = 4; lastKnownFileType = sourcecode.c.objc; name = UIImagePickerManager.m; path = "node_modules/react-native-image-picker/UIImagePickerManager/UIImagePickerManager.m"; sourceTree = "<group>"; };
		42CE1E871B80FE6A00EA8CA4 /* WebViewBridge */ = {isa = PBXFileReference; lastKnownFileType = folder; name = WebViewBridge; path = "node_modules/react-native-webview-bridge/WebViewBridge"; sourceTree = "<group>"; };
		42D5E8521B892BC700688341 /* RCTMapboxGL.xcodeproj */ = {isa = PBXFileReference; lastKnownFileType = "wrapper.pb-project"; name = RCTMapboxGL.xcodeproj; path = "node_modules/react-native-mapbox-gl/RCTMapboxGL.xcodeproj"; sourceTree = "<group>"; };
		42D8D2FA1B221F7A00B7BAEF /* RCTVideo.xcodeproj */ = {isa = PBXFileReference; lastKnownFileType = "wrapper.pb-project"; name = RCTVideo.xcodeproj; path = "node_modules/react-native-video/RCTVideo.xcodeproj"; sourceTree = "<group>"; };
		42D8D3101B221FBB00B7BAEF /* libRCTVideo.a */ = {isa = PBXFileReference; lastKnownFileType = archive.ar; name = libRCTVideo.a; path = "node_modules/react-native-video/build/Debug-iphoneos/libRCTVideo.a"; sourceTree = "<group>"; };
		42D987DC1B9A150E008D63C2 /* ReactNativeVersionsIOS.xcodeproj */ = {isa = PBXFileReference; lastKnownFileType = "wrapper.pb-project"; name = ReactNativeVersionsIOS.xcodeproj; path = "node_modules/react-native-versions/ReactNativeVersionsIOS/ReactNativeVersionsIOS.xcodeproj"; sourceTree = "<group>"; };
		42DF0C651B3D678800AA060D /* ActivityView.xcodeproj */ = {isa = PBXFileReference; lastKnownFileType = "wrapper.pb-project"; name = ActivityView.xcodeproj; path = "node_modules/react-native-activity-view/ActivityView.xcodeproj"; sourceTree = "<group>"; };
		42DF0C6C1B3D67A900AA060D /* RCTVideo.xcodeproj */ = {isa = PBXFileReference; lastKnownFileType = "wrapper.pb-project"; name = RCTVideo.xcodeproj; path = "node_modules/react-native-video/RCTVideo.xcodeproj"; sourceTree = "<group>"; };
		42F188841BA2396A00E0E948 /* Fabric.framework */ = {isa = PBXFileReference; lastKnownFileType = wrapper.framework; path = Fabric.framework; sourceTree = "<group>"; };
		42F188851BA2396A00E0E948 /* Crashlytics.framework */ = {isa = PBXFileReference; lastKnownFileType = wrapper.framework; path = Crashlytics.framework; sourceTree = "<group>"; };
		42F2283B1AF7E25B00A26CF9 /* photo-camera5.png */ = {isa = PBXFileReference; lastKnownFileType = image.png; path = "photo-camera5.png"; sourceTree = "<group>"; };
		42F2283D1AF7E4BE00A26CF9 /* RNOverlay.xcodeproj */ = {isa = PBXFileReference; lastKnownFileType = "wrapper.pb-project"; name = RNOverlay.xcodeproj; path = "node_modules/react-native-overlay/RNOverlay.xcodeproj"; sourceTree = "<group>"; };
		42FF2DFF1BACFAC600C3B66B /* RNTableView.xcodeproj */ = {isa = PBXFileReference; lastKnownFileType = "wrapper.pb-project"; name = RNTableView.xcodeproj; path = "node_modules/react-native-tableview/RNTableView.xcodeproj"; sourceTree = "<group>"; };
		42FF2E071BACFC5700C3B66B /* Mapbox.bundle */ = {isa = PBXFileReference; lastKnownFileType = "wrapper.plug-in"; name = Mapbox.bundle; path = "node_modules/react-native-mapbox-gl/RCTMapboxGL/Mapbox.bundle"; sourceTree = "<group>"; };
		55B8F8861B1E4F24002F65B0 /* AppReloader.h */ = {isa = PBXFileReference; fileEncoding = 4; lastKnownFileType = sourcecode.c.h; path = AppReloader.h; sourceTree = "<group>"; };
		55B8F8871B1E4F24002F65B0 /* AppReloader.m */ = {isa = PBXFileReference; fileEncoding = 4; lastKnownFileType = sourcecode.c.objc; lineEnding = 0; path = AppReloader.m; sourceTree = "<group>"; xcLanguageSpecificationIdentifier = xcode.lang.objc; };
		55B8F9F31B20A858002F65B0 /* CoreData.framework */ = {isa = PBXFileReference; lastKnownFileType = wrapper.framework; name = CoreData.framework; path = System/Library/Frameworks/CoreData.framework; sourceTree = SDKROOT; };
		55B8F9F51B20A861002F65B0 /* SystemConfiguration.framework */ = {isa = PBXFileReference; lastKnownFileType = wrapper.framework; name = SystemConfiguration.framework; path = System/Library/Frameworks/SystemConfiguration.framework; sourceTree = SDKROOT; };
		55B8F9F71B20A869002F65B0 /* libz.dylib */ = {isa = PBXFileReference; lastKnownFileType = "compiled.mach-o.dylib"; name = libz.dylib; path = usr/lib/libz.dylib; sourceTree = SDKROOT; };
		55B8F9F91B20A873002F65B0 /* libsqlite3.dylib */ = {isa = PBXFileReference; lastKnownFileType = "compiled.mach-o.dylib"; name = libsqlite3.dylib; path = usr/lib/libsqlite3.dylib; sourceTree = SDKROOT; };
		55B8FA361B20BA27002F65B0 /* Base */ = {isa = PBXFileReference; lastKnownFileType = file.xib; name = Base; path = iOS/Base.lproj/LaunchScreen.xib; sourceTree = "<group>"; };
		55E166301B994EFD006817EA /* Entypo.ttf */ = {isa = PBXFileReference; lastKnownFileType = file; path = Entypo.ttf; sourceTree = "<group>"; };
		55E166311B994EFD006817EA /* EvilIcons.ttf */ = {isa = PBXFileReference; lastKnownFileType = file; path = EvilIcons.ttf; sourceTree = "<group>"; };
		55E166321B994EFE006817EA /* FontAwesome.ttf */ = {isa = PBXFileReference; lastKnownFileType = file; path = FontAwesome.ttf; sourceTree = "<group>"; };
		55E166331B994EFE006817EA /* Foundation.ttf */ = {isa = PBXFileReference; lastKnownFileType = file; path = Foundation.ttf; sourceTree = "<group>"; };
		55E166341B994EFE006817EA /* Ionicons.ttf */ = {isa = PBXFileReference; lastKnownFileType = file; path = Ionicons.ttf; sourceTree = "<group>"; };
		55E166351B994EFE006817EA /* MaterialIcons.ttf */ = {isa = PBXFileReference; lastKnownFileType = file; path = MaterialIcons.ttf; sourceTree = "<group>"; };
		55E166361B994EFE006817EA /* Octicons.ttf */ = {isa = PBXFileReference; lastKnownFileType = file; path = Octicons.ttf; sourceTree = "<group>"; };
		55E166371B994EFE006817EA /* Zocial.ttf */ = {isa = PBXFileReference; lastKnownFileType = file; path = Zocial.ttf; sourceTree = "<group>"; };
		55FF68621B97284600257CB9 /* AppLoadingView.h */ = {isa = PBXFileReference; fileEncoding = 4; lastKnownFileType = sourcecode.c.h; name = AppLoadingView.h; path = iOS/AppLoadingView.h; sourceTree = "<group>"; };
		55FF68631B97284600257CB9 /* AppLoadingView.m */ = {isa = PBXFileReference; fileEncoding = 4; lastKnownFileType = sourcecode.c.objc; name = AppLoadingView.m; path = iOS/AppLoadingView.m; sourceTree = "<group>"; };
		55FF68671B97830200257CB9 /* AppLoadingView.xib */ = {isa = PBXFileReference; fileEncoding = 4; lastKnownFileType = file.xib; name = AppLoadingView.xib; path = iOS/AppLoadingView.xib; sourceTree = "<group>"; };
		78C398B01ACF4ADC00677621 /* RCTLinking.xcodeproj */ = {isa = PBXFileReference; lastKnownFileType = "wrapper.pb-project"; name = RCTLinking.xcodeproj; path = "node_modules/react-native/Libraries/LinkingIOS/RCTLinking.xcodeproj"; sourceTree = "<group>"; };
		832341B01AAA6A8300B99B32 /* RCTText.xcodeproj */ = {isa = PBXFileReference; lastKnownFileType = "wrapper.pb-project"; name = RCTText.xcodeproj; path = "node_modules/react-native/Libraries/Text/RCTText.xcodeproj"; sourceTree = "<group>"; };
		AC2F9B4735725E8BD57934B8 /* Pods-RNPlayNative.debug.xcconfig */ = {isa = PBXFileReference; includeInIndex = 1; lastKnownFileType = text.xcconfig; name = "Pods-RNPlayNative.debug.xcconfig"; path = "Pods/Target Support Files/Pods-RNPlayNative/Pods-RNPlayNative.debug.xcconfig"; sourceTree = "<group>"; };
		BB0C0ADA1B02ACE900BDEA30 /* ART.xcodeproj */ = {isa = PBXFileReference; lastKnownFileType = "wrapper.pb-project"; name = ART.xcodeproj; path = "node_modules/react-native/Libraries/ART/ART.xcodeproj"; sourceTree = "<group>"; };
		BB0C0AF71B02FF7F00BDEA30 /* uiexplorer.jsbundle */ = {isa = PBXFileReference; fileEncoding = 4; lastKnownFileType = text; name = uiexplorer.jsbundle; path = iOS/uiexplorer.jsbundle; sourceTree = "<group>"; };
		BB0C0AF91B02FFB100BDEA30 /* RCTSettings.xcodeproj */ = {isa = PBXFileReference; lastKnownFileType = "wrapper.pb-project"; name = RCTSettings.xcodeproj; path = "node_modules/react-native/Libraries/Settings/RCTSettings.xcodeproj"; sourceTree = "<group>"; };
		BB978E061B1A7021003774EB /* RCTCamera.xcodeproj */ = {isa = PBXFileReference; lastKnownFileType = "wrapper.pb-project"; name = RCTCamera.xcodeproj; path = "node_modules/react-native-camera/RCTCamera.xcodeproj"; sourceTree = "<group>"; };
		BBA8F2621B0D258B009C7EB9 /* RCTWebSocket.xcodeproj */ = {isa = PBXFileReference; lastKnownFileType = "wrapper.pb-project"; name = RCTWebSocket.xcodeproj; path = "node_modules/react-native/Libraries/WebSocket/RCTWebSocket.xcodeproj"; sourceTree = "<group>"; };
		BBA8F2691B0D267C009C7EB9 /* main.jsbundle */ = {isa = PBXFileReference; fileEncoding = 4; lastKnownFileType = text; name = main.jsbundle; path = iOS/main.jsbundle; sourceTree = "<group>"; };
		BBB0D2001B2231820043BDB0 /* Foundation.framework */ = {isa = PBXFileReference; lastKnownFileType = wrapper.framework; name = Foundation.framework; path = System/Library/Frameworks/Foundation.framework; sourceTree = SDKROOT; };
		BBB0D2021B2231CA0043BDB0 /* libc++.dylib */ = {isa = PBXFileReference; lastKnownFileType = "compiled.mach-o.dylib"; name = "libc++.dylib"; path = "usr/lib/libc++.dylib"; sourceTree = SDKROOT; };
		E2A5486E849E626600F70A74 /* Pods-RNPlayNative.release.xcconfig */ = {isa = PBXFileReference; includeInIndex = 1; lastKnownFileType = text.xcconfig; name = "Pods-RNPlayNative.release.xcconfig"; path = "Pods/Target Support Files/Pods-RNPlayNative/Pods-RNPlayNative.release.xcconfig"; sourceTree = "<group>"; };
		EE49F76D1AFA1F8D002F30A8 /* ViewController.h */ = {isa = PBXFileReference; fileEncoding = 4; lastKnownFileType = sourcecode.c.h; name = ViewController.h; path = iOS/ViewController.h; sourceTree = "<group>"; };
		EE49F76E1AFA1F8D002F30A8 /* ViewController.m */ = {isa = PBXFileReference; fileEncoding = 4; lastKnownFileType = sourcecode.c.objc; name = ViewController.m; path = iOS/ViewController.m; sourceTree = "<group>"; };
		F25AFDDDA6351DCA30B885B0 /* libPods-RNPlayNative.a */ = {isa = PBXFileReference; explicitFileType = archive.ar; includeInIndex = 0; path = "libPods-RNPlayNative.a"; sourceTree = BUILT_PRODUCTS_DIR; };
/* End PBXFileReference section */

/* Begin PBXFrameworksBuildPhase section */
		13B07F8C1A680F5B00A75B9A /* Frameworks */ = {
			isa = PBXFrameworksBuildPhase;
			buildActionMask = 2147483647;
			files = (
				55B8F9F81B20A869002F65B0 /* libz.dylib in Frameworks */,
				55B8F9FA1B20A873002F65B0 /* libsqlite3.dylib in Frameworks */,
				BBE164331B223408001FC1AC /* libc++.dylib in Frameworks */,
				42D987E51B9A1520008D63C2 /* libReactNativeVersionsIOS.a in Frameworks */,
				424043F71B91F02C00AE8C6E /* libRNGL.a in Frameworks */,
				4264D3B41B986D9E00389E41 /* libRCTMaterialKit.a in Frameworks */,
				42FF2E051BACFACA00C3B66B /* libRNTableView.a in Frameworks */,
				42F188861BA2396A00E0E948 /* Fabric.framework in Frameworks */,
				4250E8661B61924800D06A0B /* libRNKeychain.a in Frameworks */,
				55B8F9F61B20A861002F65B0 /* SystemConfiguration.framework in Frameworks */,
				4202C6801B617547007FE903 /* QuartzCore.framework in Frameworks */,
				4202C67E1B617541007FE903 /* MobileCoreServices.framework in Frameworks */,
				4202C67C1B617535007FE903 /* ImageIO.framework in Frameworks */,
				4202C67A1B61752D007FE903 /* GLKit.framework in Frameworks */,
				4202C6781B617525007FE903 /* CoreTelephony.framework in Frameworks */,
				BBB0D2011B2231820043BDB0 /* Foundation.framework in Frameworks */,
				55B8F9F41B20A858002F65B0 /* CoreData.framework in Frameworks */,
				4202C69F1B6175F9007FE903 /* libRNVectorIcons.a in Frameworks */,
				42DF0C6B1B3D679700AA060D /* libActivityView.a in Frameworks */,
				BBA8F2681B0D2593009C7EB9 /* libRCTWebSocket.a in Frameworks */,
				4202C6981B6175E5007FE903 /* libRCTAddressBook.a in Frameworks */,
				BB0C0AFF1B02FFB800BDEA30 /* libRCTSettings.a in Frameworks */,
				4202C6871B61759A007FE903 /* libRNKeyboardEvents.a in Frameworks */,
				BB0C0AEC1B02ACF800BDEA30 /* libART.a in Frameworks */,
				42F188871BA2396A00E0E948 /* Crashlytics.framework in Frameworks */,
				146834051AC3E58100842450 /* libReact.a in Frameworks */,
				00C302E51ABCBA2D00DB3ED1 /* libRCTActionSheet.a in Frameworks */,
				00C302E71ABCBA2D00DB3ED1 /* libRCTGeolocation.a in Frameworks */,
				42F228431AF7E4D000A26CF9 /* libRNOverlay.a in Frameworks */,
				00C302E81ABCBA2D00DB3ED1 /* libRCTImage.a in Frameworks */,
				42FF2E061BACFC1100C3B66B /* libRCTMapboxGL.a in Frameworks */,
				133E29F31AD74F7200F7D852 /* libRCTLinking.a in Frameworks */,
				00C302E91ABCBA2D00DB3ED1 /* libRCTNetwork.a in Frameworks */,
				00C302EA1ABCBA2D00DB3ED1 /* libRCTVibration.a in Frameworks */,
				832341BD1AAA6AB300B99B32 /* libRCTText.a in Frameworks */,
				420C36EC1B2218E7008E8F87 /* libBVLinearGradient.a in Frameworks */,
				BB978E0C1B1A7028003774EB /* libRCTCamera.a in Frameworks */,
				424BBF901B38C91E006C95AA /* libRNUserDefaultsIOS.a in Frameworks */,
				42D8D3111B221FBB00B7BAEF /* libRCTVideo.a in Frameworks */,
				867C39BAACCCFA0CC845288E /* libPods-RNPlayNative.a in Frameworks */,
			);
			runOnlyForDeploymentPostprocessing = 0;
		};
/* End PBXFrameworksBuildPhase section */

/* Begin PBXGroup section */
		00C302A81ABCB8CE00DB3ED1 /* Products */ = {
			isa = PBXGroup;
			children = (
				00C302AC1ABCB8CE00DB3ED1 /* libRCTActionSheet.a */,
			);
			name = Products;
			sourceTree = "<group>";
		};
		00C302B61ABCB90400DB3ED1 /* Products */ = {
			isa = PBXGroup;
			children = (
				00C302BA1ABCB90400DB3ED1 /* libRCTGeolocation.a */,
			);
			name = Products;
			sourceTree = "<group>";
		};
		00C302BC1ABCB91800DB3ED1 /* Products */ = {
			isa = PBXGroup;
			children = (
				00C302C01ABCB91800DB3ED1 /* libRCTImage.a */,
			);
			name = Products;
			sourceTree = "<group>";
		};
		00C302D41ABCB9D200DB3ED1 /* Products */ = {
			isa = PBXGroup;
			children = (
				00C302DC1ABCB9D200DB3ED1 /* libRCTNetwork.a */,
			);
			name = Products;
			sourceTree = "<group>";
		};
		00C302E01ABCB9EE00DB3ED1 /* Products */ = {
			isa = PBXGroup;
			children = (
				00C302E41ABCB9EE00DB3ED1 /* libRCTVibration.a */,
			);
			name = Products;
			sourceTree = "<group>";
		};
		00E356EF1AD99517003FC87E /* RNPlayNativeTests */ = {
			isa = PBXGroup;
			children = (
				00E356F21AD99517003FC87E /* RNPlayNativeTests.m */,
				00E356F01AD99517003FC87E /* Supporting Files */,
			);
			path = RNPlayNativeTests;
			sourceTree = "<group>";
		};
		00E356F01AD99517003FC87E /* Supporting Files */ = {
			isa = PBXGroup;
			children = (
				00E356F11AD99517003FC87E /* Info.plist */,
			);
			name = "Supporting Files";
			sourceTree = "<group>";
		};
		1111D15A1B18CB88007370BA /* Resources */ = {
			isa = PBXGroup;
			children = (
				1111D15B1B18CB9D007370BA /* Fonts */,
				42F2283B1AF7E25B00A26CF9 /* photo-camera5.png */,
			);
			name = Resources;
			sourceTree = "<group>";
		};
		1111D15B1B18CB9D007370BA /* Fonts */ = {
			isa = PBXGroup;
			children = (
				1111D16B1B18E126007370BA /* Avenir Next.ttc */,
				1111D1461B18CB73007370BA /* FontAwesome.otf */,
				1111D1481B18CB73007370BA /* foundation-icons.ttf */,
				1111D1491B18CB73007370BA /* ionicons.ttf */,
				1111D14A1B18CB73007370BA /* zocial-regular-webfont.ttf */,
			);
			name = Fonts;
			sourceTree = "<group>";
		};
		13B07FAE1A68108700A75B9A /* RNPlayNative */ = {
			isa = PBXGroup;
			children = (
				BBA8F2691B0D267C009C7EB9 /* main.jsbundle */,
				BB0C0AF71B02FF7F00BDEA30 /* uiexplorer.jsbundle */,
				13B07FAF1A68108700A75B9A /* AppDelegate.h */,
				13B07FB01A68108700A75B9A /* AppDelegate.m */,
				55B8F8861B1E4F24002F65B0 /* AppReloader.h */,
				55B8F8871B1E4F24002F65B0 /* AppReloader.m */,
				EE49F76D1AFA1F8D002F30A8 /* ViewController.h */,
				EE49F76E1AFA1F8D002F30A8 /* ViewController.m */,
				55FF68621B97284600257CB9 /* AppLoadingView.h */,
				55FF68631B97284600257CB9 /* AppLoadingView.m */,
				55FF68671B97830200257CB9 /* AppLoadingView.xib */,
				13B07FB51A68108700A75B9A /* Images.xcassets */,
				55B8FA351B20BA27002F65B0 /* LaunchScreen.xib */,
				13B07FB61A68108700A75B9A /* Info.plist */,
				13B07FB71A68108700A75B9A /* main.m */,
			);
			name = RNPlayNative;
			sourceTree = "<group>";
		};
		146834001AC3E56700842450 /* Products */ = {
			isa = PBXGroup;
			children = (
				146834041AC3E56700842450 /* libReact.a */,
			);
			name = Products;
			sourceTree = "<group>";
		};
		1B3EB094E6D4A5101602E36B /* Frameworks */ = {
			isa = PBXGroup;
			children = (
				4202C67F1B617547007FE903 /* QuartzCore.framework */,
				4202C67D1B617541007FE903 /* MobileCoreServices.framework */,
				4202C67B1B617535007FE903 /* ImageIO.framework */,
				4202C6791B61752D007FE903 /* GLKit.framework */,
				4202C6771B617525007FE903 /* CoreTelephony.framework */,
				BBB0D2021B2231CA0043BDB0 /* libc++.dylib */,
				BBB0D2001B2231820043BDB0 /* Foundation.framework */,
				42D8D3101B221FBB00B7BAEF /* libRCTVideo.a */,
				55B8F9F91B20A873002F65B0 /* libsqlite3.dylib */,
				55B8F9F71B20A869002F65B0 /* libz.dylib */,
				55B8F9F51B20A861002F65B0 /* SystemConfiguration.framework */,
				55B8F9F31B20A858002F65B0 /* CoreData.framework */,
				F25AFDDDA6351DCA30B885B0 /* libPods-RNPlayNative.a */,
			);
			name = Frameworks;
			sourceTree = "<group>";
		};
		4202C6821B617592007FE903 /* Products */ = {
			isa = PBXGroup;
			children = (
				4202C6861B617592007FE903 /* libRNKeyboardEvents.a */,
			);
			name = Products;
			sourceTree = "<group>";
		};
		4202C6901B6175DF007FE903 /* Products */ = {
			isa = PBXGroup;
			children = (
				4202C6951B6175DF007FE903 /* libRCTAddressBook.a */,
				4202C6971B6175DF007FE903 /* RCTAddressBookTests.xctest */,
			);
			name = Products;
			sourceTree = "<group>";
		};
		4202C69A1B6175F0007FE903 /* Products */ = {
			isa = PBXGroup;
			children = (
				4202C69E1B6175F0007FE903 /* libRNVectorIcons.a */,
			);
			name = Products;
			sourceTree = "<group>";
		};
		420C36E71B2218B9008E8F87 /* Products */ = {
			isa = PBXGroup;
			children = (
				420C36EB1B2218B9008E8F87 /* libBVLinearGradient.a */,
			);
			name = Products;
			sourceTree = "<group>";
		};
		424043D51B91F01900AE8C6E /* Products */ = {
			isa = PBXGroup;
			children = (
				424043EE1B91F01900AE8C6E /* libRNGL.a */,
				424043F01B91F01900AE8C6E /* RNGLTests.xctest */,
			);
			name = Products;
			sourceTree = "<group>";
		};
		424BBF781B38C917006C95AA /* Products */ = {
			isa = PBXGroup;
			children = (
				424BBF8D1B38C917006C95AA /* libRNUserDefaultsIOS.a */,
				424BBF8F1B38C917006C95AA /* RNUserDefaultsIOSTests.xctest */,
			);
			name = Products;
			sourceTree = "<group>";
		};
		4250E8461B61923600D06A0B /* Products */ = {
			isa = PBXGroup;
			children = (
				4250E8601B61923700D06A0B /* libRNKeychain.a */,
			);
			name = Products;
			sourceTree = "<group>";
		};
		4264D3931B986D9500389E41 /* Products */ = {
			isa = PBXGroup;
			children = (
				4264D3A31B986D9500389E41 /* libRCTMaterialKit.a */,
			);
			name = Products;
			sourceTree = "<group>";
		};
		42D5E8531B892BC700688341 /* Products */ = {
			isa = PBXGroup;
			children = (
				42D5E8621B892BC800688341 /* libRCTMapboxGL.a */,
				42D5E8641B892BC800688341 /* RCTMapboxGLTests.xctest */,
			);
			name = Products;
			sourceTree = "<group>";
		};
		42D987DD1B9A150E008D63C2 /* Products */ = {
			isa = PBXGroup;
			children = (
				42D987E21B9A150E008D63C2 /* libReactNativeVersionsIOS.a */,
				42D987E41B9A150E008D63C2 /* ReactNativeVersionsIOSTests.xctest */,
			);
			name = Products;
			sourceTree = "<group>";
		};
		42DF0C661B3D678800AA060D /* Products */ = {
			isa = PBXGroup;
			children = (
				42DF0C6A1B3D678800AA060D /* libActivityView.a */,
			);
			name = Products;
			sourceTree = "<group>";
		};
		42DF0C6D1B3D67A900AA060D /* Products */ = {
			isa = PBXGroup;
			children = (
				42DF0C711B3D67A900AA060D /* libRCTVideo.a */,
			);
			name = Products;
			sourceTree = "<group>";
		};
		42F2283E1AF7E4BE00A26CF9 /* Products */ = {
			isa = PBXGroup;
			children = (
				42F228421AF7E4BE00A26CF9 /* libRNOverlay.a */,
			);
			name = Products;
			sourceTree = "<group>";
		};
		42FF2E001BACFAC600C3B66B /* Products */ = {
			isa = PBXGroup;
			children = (
				42FF2E041BACFAC600C3B66B /* libRNTableView.a */,
			);
			name = Products;
			sourceTree = "<group>";
		};
		4A001B5B53441613D6602821 /* Pods */ = {
			isa = PBXGroup;
			children = (
				AC2F9B4735725E8BD57934B8 /* Pods-RNPlayNative.debug.xcconfig */,
				E2A5486E849E626600F70A74 /* Pods-RNPlayNative.release.xcconfig */,
			);
			name = Pods;
			sourceTree = "<group>";
		};
		55E1662F1B994EFD006817EA /* Fonts */ = {
			isa = PBXGroup;
			children = (
				55E166301B994EFD006817EA /* Entypo.ttf */,
				55E166311B994EFD006817EA /* EvilIcons.ttf */,
				55E166321B994EFE006817EA /* FontAwesome.ttf */,
				55E166331B994EFE006817EA /* Foundation.ttf */,
				55E166341B994EFE006817EA /* Ionicons.ttf */,
				55E166351B994EFE006817EA /* MaterialIcons.ttf */,
				55E166361B994EFE006817EA /* Octicons.ttf */,
				55E166371B994EFE006817EA /* Zocial.ttf */,
			);
			name = Fonts;
			path = "node_modules/react-native-vector-icons/Fonts";
			sourceTree = "<group>";
		};
		78C398B11ACF4ADC00677621 /* Products */ = {
			isa = PBXGroup;
			children = (
				78C398B91ACF4ADC00677621 /* libRCTLinking.a */,
			);
			name = Products;
			sourceTree = "<group>";
		};
		832341AE1AAA6A7D00B99B32 /* Libraries */ = {
			isa = PBXGroup;
			children = (
				4227208D1BADBBAC00B69238 /* VibrancyView.h */,
				4227208E1BADBBAC00B69238 /* VibrancyView.m */,
				4227208F1BADBBAC00B69238 /* VibrancyViewManager.h */,
				422720901BADBBAC00B69238 /* VibrancyViewManager.m */,
				422720671BADBB9E00B69238 /* BlurView.h */,
				422720681BADBB9E00B69238 /* BlurView.m */,
				422720691BADBB9E00B69238 /* BlurViewManager.h */,
				4227206A1BADBB9E00B69238 /* BlurViewManager.m */,
				42FF2DFF1BACFAC600C3B66B /* RNTableView.xcodeproj */,
				42D987DC1B9A150E008D63C2 /* ReactNativeVersionsIOS.xcodeproj */,
				4264D3921B986D9500389E41 /* RCTMaterialKit.xcodeproj */,
				424043D41B91F01900AE8C6E /* RNGL.xcodeproj */,
				42D5E8521B892BC700688341 /* RCTMapboxGL.xcodeproj */,
				426E0EA51B83BF2800DCFBBC /* UIImagePickerManager.h */,
				426E0EA61B83BF2800DCFBBC /* UIImagePickerManager.m */,
				42CE1E871B80FE6A00EA8CA4 /* WebViewBridge */,
				4250E8451B61923600D06A0B /* RNKeychain.xcodeproj */,
				4202C6991B6175F0007FE903 /* RNVectorIcons.xcodeproj */,
				4202C68F1B6175DF007FE903 /* RCTAddressBook.xcodeproj */,
				4202C6811B617592007FE903 /* RNKeyboardEvents.xcodeproj */,
				42DF0C651B3D678800AA060D /* ActivityView.xcodeproj */,
				424BBF771B38C917006C95AA /* RNUserDefaultsIOS.xcodeproj */,
				42D8D2FA1B221F7A00B7BAEF /* RCTVideo.xcodeproj */,
				420C36CA1B2212FF008E8F87 /* RNBlur */,
				420C36CB1B2212FF008E8F87 /* RNVibrancy */,
				420C36DC1B221876008E8F87 /* BVLinearGradient.xcodeproj */,
				BB978E061B1A7021003774EB /* RCTCamera.xcodeproj */,
				42DF0C6C1B3D67A900AA060D /* RCTVideo.xcodeproj */,
				BBA8F2621B0D258B009C7EB9 /* RCTWebSocket.xcodeproj */,
				BB0C0AF91B02FFB100BDEA30 /* RCTSettings.xcodeproj */,
				BB0C0ADA1B02ACE900BDEA30 /* ART.xcodeproj */,
				42F2283D1AF7E4BE00A26CF9 /* RNOverlay.xcodeproj */,
				78C398B01ACF4ADC00677621 /* RCTLinking.xcodeproj */,
				146833FF1AC3E56700842450 /* React.xcodeproj */,
				832341B01AAA6A8300B99B32 /* RCTText.xcodeproj */,
				00C302A71ABCB8CE00DB3ED1 /* RCTActionSheet.xcodeproj */,
				00C302B51ABCB90400DB3ED1 /* RCTGeolocation.xcodeproj */,
				00C302BB1ABCB91800DB3ED1 /* RCTImage.xcodeproj */,
				00C302D31ABCB9D200DB3ED1 /* RCTNetwork.xcodeproj */,
				00C302DF1ABCB9EE00DB3ED1 /* RCTVibration.xcodeproj */,
			);
			name = Libraries;
			sourceTree = "<group>";
		};
		832341B11AAA6A8300B99B32 /* Products */ = {
			isa = PBXGroup;
			children = (
				832341B51AAA6A8300B99B32 /* libRCTText.a */,
			);
			name = Products;
			sourceTree = "<group>";
		};
		83CBB9F61A601CBA00E9B192 = {
			isa = PBXGroup;
			children = (
				42FF2E071BACFC5700C3B66B /* Mapbox.bundle */,
				42F188841BA2396A00E0E948 /* Fabric.framework */,
				42F188851BA2396A00E0E948 /* Crashlytics.framework */,
				55E1662F1B994EFD006817EA /* Fonts */,
				4202C6751B6174FA007FE903 /* Settings.bundle */,
				1111D15A1B18CB88007370BA /* Resources */,
				13B07FAE1A68108700A75B9A /* RNPlayNative */,
				832341AE1AAA6A7D00B99B32 /* Libraries */,
				00E356EF1AD99517003FC87E /* RNPlayNativeTests */,
				83CBBA001A601CBA00E9B192 /* Products */,
				1B3EB094E6D4A5101602E36B /* Frameworks */,
				4A001B5B53441613D6602821 /* Pods */,
			);
			indentWidth = 2;
			sourceTree = "<group>";
			tabWidth = 2;
		};
		83CBBA001A601CBA00E9B192 /* Products */ = {
			isa = PBXGroup;
			children = (
				13B07F961A680F5B00A75B9A /* Playground.app */,
			);
			name = Products;
			sourceTree = "<group>";
		};
		BB0C0ADB1B02ACE900BDEA30 /* Products */ = {
			isa = PBXGroup;
			children = (
				BB0C0ADF1B02ACE900BDEA30 /* libART.a */,
			);
			name = Products;
			sourceTree = "<group>";
		};
		BB0C0AFA1B02FFB100BDEA30 /* Products */ = {
			isa = PBXGroup;
			children = (
				BB0C0AFE1B02FFB100BDEA30 /* libRCTSettings.a */,
			);
			name = Products;
			sourceTree = "<group>";
		};
		BB6FD5321B2227F60098F937 /* Products */ = {
			isa = PBXGroup;
			children = (
				BB6FD5411B2227F60098F937 /* libRCTVideo.a */,
			);
			name = Products;
			sourceTree = "<group>";
		};
		BB978E071B1A7021003774EB /* Products */ = {
			isa = PBXGroup;
			children = (
				BB978E0B1B1A7022003774EB /* libRCTCamera.a */,
			);
			name = Products;
			sourceTree = "<group>";
		};
		BBA8F2631B0D258B009C7EB9 /* Products */ = {
			isa = PBXGroup;
			children = (
				BBA8F2671B0D258B009C7EB9 /* libRCTWebSocket.a */,
			);
			name = Products;
			sourceTree = "<group>";
		};
/* End PBXGroup section */

/* Begin PBXNativeTarget section */
		13B07F861A680F5B00A75B9A /* RNPlayNative */ = {
			isa = PBXNativeTarget;
			buildConfigurationList = 13B07F931A680F5B00A75B9A /* Build configuration list for PBXNativeTarget "RNPlayNative" */;
			buildPhases = (
				5C263DEA9555D51CBA617FBF /* Check Pods Manifest.lock */,
				13B07F871A680F5B00A75B9A /* Sources */,
				13B07F8C1A680F5B00A75B9A /* Frameworks */,
				13B07F8E1A680F5B00A75B9A /* Resources */,
				42F8A6DB1AF0E5D700ED7DBD /* ShellScript */,
				BBE164321B2233FB001FC1AC /* Embed Frameworks */,
				03BE263292F7D7E3B0D8CB1F /* Copy Pods Resources */,
			);
			buildRules = (
			);
			dependencies = (
			);
			name = RNPlayNative;
			productName = "Hello World";
			productReference = 13B07F961A680F5B00A75B9A /* Playground.app */;
			productType = "com.apple.product-type.application";
		};
/* End PBXNativeTarget section */

/* Begin PBXProject section */
		83CBB9F71A601CBA00E9B192 /* Project object */ = {
			isa = PBXProject;
			attributes = {
				LastUpgradeCheck = 0700;
				ORGANIZATIONNAME = Facebook;
				TargetAttributes = {
					13B07F861A680F5B00A75B9A = {
						DevelopmentTeam = N4R7275KQM;
					};
				};
			};
			buildConfigurationList = 83CBB9FA1A601CBA00E9B192 /* Build configuration list for PBXProject "RNPlayNative" */;
			compatibilityVersion = "Xcode 3.2";
			developmentRegion = English;
			hasScannedForEncodings = 0;
			knownRegions = (
				en,
				Base,
			);
			mainGroup = 83CBB9F61A601CBA00E9B192;
			productRefGroup = 83CBBA001A601CBA00E9B192 /* Products */;
			projectDirPath = "";
			projectReferences = (
				{
					ProductGroup = 42DF0C661B3D678800AA060D /* Products */;
					ProjectRef = 42DF0C651B3D678800AA060D /* ActivityView.xcodeproj */;
				},
				{
					ProductGroup = BB0C0ADB1B02ACE900BDEA30 /* Products */;
					ProjectRef = BB0C0ADA1B02ACE900BDEA30 /* ART.xcodeproj */;
				},
				{
					ProductGroup = 420C36E71B2218B9008E8F87 /* Products */;
					ProjectRef = 420C36DC1B221876008E8F87 /* BVLinearGradient.xcodeproj */;
				},
				{
					ProductGroup = 00C302A81ABCB8CE00DB3ED1 /* Products */;
					ProjectRef = 00C302A71ABCB8CE00DB3ED1 /* RCTActionSheet.xcodeproj */;
				},
				{
					ProductGroup = 4202C6901B6175DF007FE903 /* Products */;
					ProjectRef = 4202C68F1B6175DF007FE903 /* RCTAddressBook.xcodeproj */;
				},
				{
					ProductGroup = BB978E071B1A7021003774EB /* Products */;
					ProjectRef = BB978E061B1A7021003774EB /* RCTCamera.xcodeproj */;
				},
				{
					ProductGroup = 00C302B61ABCB90400DB3ED1 /* Products */;
					ProjectRef = 00C302B51ABCB90400DB3ED1 /* RCTGeolocation.xcodeproj */;
				},
				{
					ProductGroup = 00C302BC1ABCB91800DB3ED1 /* Products */;
					ProjectRef = 00C302BB1ABCB91800DB3ED1 /* RCTImage.xcodeproj */;
				},
				{
					ProductGroup = 78C398B11ACF4ADC00677621 /* Products */;
					ProjectRef = 78C398B01ACF4ADC00677621 /* RCTLinking.xcodeproj */;
				},
				{
					ProductGroup = 42D5E8531B892BC700688341 /* Products */;
					ProjectRef = 42D5E8521B892BC700688341 /* RCTMapboxGL.xcodeproj */;
				},
				{
					ProductGroup = 4264D3931B986D9500389E41 /* Products */;
					ProjectRef = 4264D3921B986D9500389E41 /* RCTMaterialKit.xcodeproj */;
				},
				{
					ProductGroup = 00C302D41ABCB9D200DB3ED1 /* Products */;
					ProjectRef = 00C302D31ABCB9D200DB3ED1 /* RCTNetwork.xcodeproj */;
				},
				{
					ProductGroup = BB0C0AFA1B02FFB100BDEA30 /* Products */;
					ProjectRef = BB0C0AF91B02FFB100BDEA30 /* RCTSettings.xcodeproj */;
				},
				{
					ProductGroup = 832341B11AAA6A8300B99B32 /* Products */;
					ProjectRef = 832341B01AAA6A8300B99B32 /* RCTText.xcodeproj */;
				},
				{
					ProductGroup = 00C302E01ABCB9EE00DB3ED1 /* Products */;
					ProjectRef = 00C302DF1ABCB9EE00DB3ED1 /* RCTVibration.xcodeproj */;
				},
				{
					ProductGroup = BB6FD5321B2227F60098F937 /* Products */;
					ProjectRef = 42D8D2FA1B221F7A00B7BAEF /* RCTVideo.xcodeproj */;
				},
				{
					ProductGroup = 42DF0C6D1B3D67A900AA060D /* Products */;
					ProjectRef = 42DF0C6C1B3D67A900AA060D /* RCTVideo.xcodeproj */;
				},
				{
					ProductGroup = BBA8F2631B0D258B009C7EB9 /* Products */;
					ProjectRef = BBA8F2621B0D258B009C7EB9 /* RCTWebSocket.xcodeproj */;
				},
				{
					ProductGroup = 146834001AC3E56700842450 /* Products */;
					ProjectRef = 146833FF1AC3E56700842450 /* React.xcodeproj */;
				},
				{
					ProductGroup = 42D987DD1B9A150E008D63C2 /* Products */;
					ProjectRef = 42D987DC1B9A150E008D63C2 /* ReactNativeVersionsIOS.xcodeproj */;
				},
				{
					ProductGroup = 424043D51B91F01900AE8C6E /* Products */;
					ProjectRef = 424043D41B91F01900AE8C6E /* RNGL.xcodeproj */;
				},
				{
					ProductGroup = 4202C6821B617592007FE903 /* Products */;
					ProjectRef = 4202C6811B617592007FE903 /* RNKeyboardEvents.xcodeproj */;
				},
				{
					ProductGroup = 4250E8461B61923600D06A0B /* Products */;
					ProjectRef = 4250E8451B61923600D06A0B /* RNKeychain.xcodeproj */;
				},
				{
					ProductGroup = 42F2283E1AF7E4BE00A26CF9 /* Products */;
					ProjectRef = 42F2283D1AF7E4BE00A26CF9 /* RNOverlay.xcodeproj */;
				},
				{
					ProductGroup = 42FF2E001BACFAC600C3B66B /* Products */;
					ProjectRef = 42FF2DFF1BACFAC600C3B66B /* RNTableView.xcodeproj */;
				},
				{
					ProductGroup = 424BBF781B38C917006C95AA /* Products */;
					ProjectRef = 424BBF771B38C917006C95AA /* RNUserDefaultsIOS.xcodeproj */;
				},
				{
					ProductGroup = 4202C69A1B6175F0007FE903 /* Products */;
					ProjectRef = 4202C6991B6175F0007FE903 /* RNVectorIcons.xcodeproj */;
				},
			);
			projectRoot = "";
			targets = (
				13B07F861A680F5B00A75B9A /* RNPlayNative */,
			);
		};
/* End PBXProject section */

/* Begin PBXReferenceProxy section */
		00C302AC1ABCB8CE00DB3ED1 /* libRCTActionSheet.a */ = {
			isa = PBXReferenceProxy;
			fileType = archive.ar;
			path = libRCTActionSheet.a;
			remoteRef = 00C302AB1ABCB8CE00DB3ED1 /* PBXContainerItemProxy */;
			sourceTree = BUILT_PRODUCTS_DIR;
		};
		00C302BA1ABCB90400DB3ED1 /* libRCTGeolocation.a */ = {
			isa = PBXReferenceProxy;
			fileType = archive.ar;
			path = libRCTGeolocation.a;
			remoteRef = 00C302B91ABCB90400DB3ED1 /* PBXContainerItemProxy */;
			sourceTree = BUILT_PRODUCTS_DIR;
		};
		00C302C01ABCB91800DB3ED1 /* libRCTImage.a */ = {
			isa = PBXReferenceProxy;
			fileType = archive.ar;
			path = libRCTImage.a;
			remoteRef = 00C302BF1ABCB91800DB3ED1 /* PBXContainerItemProxy */;
			sourceTree = BUILT_PRODUCTS_DIR;
		};
		00C302DC1ABCB9D200DB3ED1 /* libRCTNetwork.a */ = {
			isa = PBXReferenceProxy;
			fileType = archive.ar;
			path = libRCTNetwork.a;
			remoteRef = 00C302DB1ABCB9D200DB3ED1 /* PBXContainerItemProxy */;
			sourceTree = BUILT_PRODUCTS_DIR;
		};
		00C302E41ABCB9EE00DB3ED1 /* libRCTVibration.a */ = {
			isa = PBXReferenceProxy;
			fileType = archive.ar;
			path = libRCTVibration.a;
			remoteRef = 00C302E31ABCB9EE00DB3ED1 /* PBXContainerItemProxy */;
			sourceTree = BUILT_PRODUCTS_DIR;
		};
		146834041AC3E56700842450 /* libReact.a */ = {
			isa = PBXReferenceProxy;
			fileType = archive.ar;
			path = libReact.a;
			remoteRef = 146834031AC3E56700842450 /* PBXContainerItemProxy */;
			sourceTree = BUILT_PRODUCTS_DIR;
		};
		4202C6861B617592007FE903 /* libRNKeyboardEvents.a */ = {
			isa = PBXReferenceProxy;
			fileType = archive.ar;
			path = libRNKeyboardEvents.a;
			remoteRef = 4202C6851B617592007FE903 /* PBXContainerItemProxy */;
			sourceTree = BUILT_PRODUCTS_DIR;
		};
		4202C6951B6175DF007FE903 /* libRCTAddressBook.a */ = {
			isa = PBXReferenceProxy;
			fileType = archive.ar;
			path = libRCTAddressBook.a;
			remoteRef = 4202C6941B6175DF007FE903 /* PBXContainerItemProxy */;
			sourceTree = BUILT_PRODUCTS_DIR;
		};
		4202C6971B6175DF007FE903 /* RCTAddressBookTests.xctest */ = {
			isa = PBXReferenceProxy;
			fileType = wrapper.cfbundle;
			path = RCTAddressBookTests.xctest;
			remoteRef = 4202C6961B6175DF007FE903 /* PBXContainerItemProxy */;
			sourceTree = BUILT_PRODUCTS_DIR;
		};
		4202C69E1B6175F0007FE903 /* libRNVectorIcons.a */ = {
			isa = PBXReferenceProxy;
			fileType = archive.ar;
			path = libRNVectorIcons.a;
			remoteRef = 4202C69D1B6175F0007FE903 /* PBXContainerItemProxy */;
			sourceTree = BUILT_PRODUCTS_DIR;
		};
		420C36EB1B2218B9008E8F87 /* libBVLinearGradient.a */ = {
			isa = PBXReferenceProxy;
			fileType = archive.ar;
			path = libBVLinearGradient.a;
			remoteRef = 420C36EA1B2218B9008E8F87 /* PBXContainerItemProxy */;
			sourceTree = BUILT_PRODUCTS_DIR;
		};
		424043EE1B91F01900AE8C6E /* libRNGL.a */ = {
			isa = PBXReferenceProxy;
			fileType = archive.ar;
			path = libRNGL.a;
			remoteRef = 424043ED1B91F01900AE8C6E /* PBXContainerItemProxy */;
			sourceTree = BUILT_PRODUCTS_DIR;
		};
		424043F01B91F01900AE8C6E /* RNGLTests.xctest */ = {
			isa = PBXReferenceProxy;
			fileType = wrapper.cfbundle;
			path = RNGLTests.xctest;
			remoteRef = 424043EF1B91F01900AE8C6E /* PBXContainerItemProxy */;
			sourceTree = BUILT_PRODUCTS_DIR;
		};
		424BBF8D1B38C917006C95AA /* libRNUserDefaultsIOS.a */ = {
			isa = PBXReferenceProxy;
			fileType = archive.ar;
			path = libRNUserDefaultsIOS.a;
			remoteRef = 424BBF8C1B38C917006C95AA /* PBXContainerItemProxy */;
			sourceTree = BUILT_PRODUCTS_DIR;
		};
		424BBF8F1B38C917006C95AA /* RNUserDefaultsIOSTests.xctest */ = {
			isa = PBXReferenceProxy;
			fileType = wrapper.cfbundle;
			path = RNUserDefaultsIOSTests.xctest;
			remoteRef = 424BBF8E1B38C917006C95AA /* PBXContainerItemProxy */;
			sourceTree = BUILT_PRODUCTS_DIR;
		};
		4250E8601B61923700D06A0B /* libRNKeychain.a */ = {
			isa = PBXReferenceProxy;
			fileType = archive.ar;
			path = libRNKeychain.a;
			remoteRef = 4250E85F1B61923700D06A0B /* PBXContainerItemProxy */;
			sourceTree = BUILT_PRODUCTS_DIR;
		};
		4264D3A31B986D9500389E41 /* libRCTMaterialKit.a */ = {
			isa = PBXReferenceProxy;
			fileType = archive.ar;
			path = libRCTMaterialKit.a;
			remoteRef = 4264D3A21B986D9500389E41 /* PBXContainerItemProxy */;
			sourceTree = BUILT_PRODUCTS_DIR;
		};
		42D5E8621B892BC800688341 /* libRCTMapboxGL.a */ = {
			isa = PBXReferenceProxy;
			fileType = archive.ar;
			path = libRCTMapboxGL.a;
			remoteRef = 42D5E8611B892BC800688341 /* PBXContainerItemProxy */;
			sourceTree = BUILT_PRODUCTS_DIR;
		};
		42D5E8641B892BC800688341 /* RCTMapboxGLTests.xctest */ = {
			isa = PBXReferenceProxy;
			fileType = wrapper.cfbundle;
			path = RCTMapboxGLTests.xctest;
			remoteRef = 42D5E8631B892BC800688341 /* PBXContainerItemProxy */;
			sourceTree = BUILT_PRODUCTS_DIR;
		};
		42D987E21B9A150E008D63C2 /* libReactNativeVersionsIOS.a */ = {
			isa = PBXReferenceProxy;
			fileType = archive.ar;
			path = libReactNativeVersionsIOS.a;
			remoteRef = 42D987E11B9A150E008D63C2 /* PBXContainerItemProxy */;
			sourceTree = BUILT_PRODUCTS_DIR;
		};
		42D987E41B9A150E008D63C2 /* ReactNativeVersionsIOSTests.xctest */ = {
			isa = PBXReferenceProxy;
			fileType = wrapper.cfbundle;
			path = ReactNativeVersionsIOSTests.xctest;
			remoteRef = 42D987E31B9A150E008D63C2 /* PBXContainerItemProxy */;
			sourceTree = BUILT_PRODUCTS_DIR;
		};
		42DF0C6A1B3D678800AA060D /* libActivityView.a */ = {
			isa = PBXReferenceProxy;
			fileType = archive.ar;
			path = libActivityView.a;
			remoteRef = 42DF0C691B3D678800AA060D /* PBXContainerItemProxy */;
			sourceTree = BUILT_PRODUCTS_DIR;
		};
		42DF0C711B3D67A900AA060D /* libRCTVideo.a */ = {
			isa = PBXReferenceProxy;
			fileType = archive.ar;
			path = libRCTVideo.a;
			remoteRef = 42DF0C701B3D67A900AA060D /* PBXContainerItemProxy */;
			sourceTree = BUILT_PRODUCTS_DIR;
		};
		42F228421AF7E4BE00A26CF9 /* libRNOverlay.a */ = {
			isa = PBXReferenceProxy;
			fileType = archive.ar;
			path = libRNOverlay.a;
			remoteRef = 42F228411AF7E4BE00A26CF9 /* PBXContainerItemProxy */;
			sourceTree = BUILT_PRODUCTS_DIR;
		};
		42FF2E041BACFAC600C3B66B /* libRNTableView.a */ = {
			isa = PBXReferenceProxy;
			fileType = archive.ar;
			path = libRNTableView.a;
			remoteRef = 42FF2E031BACFAC600C3B66B /* PBXContainerItemProxy */;
			sourceTree = BUILT_PRODUCTS_DIR;
		};
		78C398B91ACF4ADC00677621 /* libRCTLinking.a */ = {
			isa = PBXReferenceProxy;
			fileType = archive.ar;
			path = libRCTLinking.a;
			remoteRef = 78C398B81ACF4ADC00677621 /* PBXContainerItemProxy */;
			sourceTree = BUILT_PRODUCTS_DIR;
		};
		832341B51AAA6A8300B99B32 /* libRCTText.a */ = {
			isa = PBXReferenceProxy;
			fileType = archive.ar;
			path = libRCTText.a;
			remoteRef = 832341B41AAA6A8300B99B32 /* PBXContainerItemProxy */;
			sourceTree = BUILT_PRODUCTS_DIR;
		};
		BB0C0ADF1B02ACE900BDEA30 /* libART.a */ = {
			isa = PBXReferenceProxy;
			fileType = archive.ar;
			path = libART.a;
			remoteRef = BB0C0ADE1B02ACE900BDEA30 /* PBXContainerItemProxy */;
			sourceTree = BUILT_PRODUCTS_DIR;
		};
		BB0C0AFE1B02FFB100BDEA30 /* libRCTSettings.a */ = {
			isa = PBXReferenceProxy;
			fileType = archive.ar;
			path = libRCTSettings.a;
			remoteRef = BB0C0AFD1B02FFB100BDEA30 /* PBXContainerItemProxy */;
			sourceTree = BUILT_PRODUCTS_DIR;
		};
		BB6FD5411B2227F60098F937 /* libRCTVideo.a */ = {
			isa = PBXReferenceProxy;
			fileType = archive.ar;
			path = libRCTVideo.a;
			remoteRef = BB6FD5401B2227F60098F937 /* PBXContainerItemProxy */;
			sourceTree = BUILT_PRODUCTS_DIR;
		};
		BB978E0B1B1A7022003774EB /* libRCTCamera.a */ = {
			isa = PBXReferenceProxy;
			fileType = archive.ar;
			path = libRCTCamera.a;
			remoteRef = BB978E0A1B1A7022003774EB /* PBXContainerItemProxy */;
			sourceTree = BUILT_PRODUCTS_DIR;
		};
		BBA8F2671B0D258B009C7EB9 /* libRCTWebSocket.a */ = {
			isa = PBXReferenceProxy;
			fileType = archive.ar;
			path = libRCTWebSocket.a;
			remoteRef = BBA8F2661B0D258B009C7EB9 /* PBXContainerItemProxy */;
			sourceTree = BUILT_PRODUCTS_DIR;
		};
/* End PBXReferenceProxy section */

/* Begin PBXResourcesBuildPhase section */
		13B07F8E1A680F5B00A75B9A /* Resources */ = {
			isa = PBXResourcesBuildPhase;
			buildActionMask = 2147483647;
			files = (
				55E1663E1B994EFE006817EA /* Octicons.ttf in Resources */,
				4202C6761B6174FA007FE903 /* Settings.bundle in Resources */,
				42FF2E081BACFC5700C3B66B /* Mapbox.bundle in Resources */,
				42CE1E881B80FE6A00EA8CA4 /* WebViewBridge in Resources */,
				1111D16C1B18E126007370BA /* Avenir Next.ttc in Resources */,
				420C36CD1B2212FF008E8F87 /* RNVibrancy in Resources */,
				55E1663A1B994EFE006817EA /* FontAwesome.ttf in Resources */,
				55E166381B994EFE006817EA /* Entypo.ttf in Resources */,
				55E1662E1B994C63006817EA /* LaunchScreen.xib in Resources */,
				420C36CC1B2212FF008E8F87 /* RNBlur in Resources */,
				55E1663B1B994EFE006817EA /* Foundation.ttf in Resources */,
				55E1663C1B994EFE006817EA /* Ionicons.ttf in Resources */,
				1111D1661B18CC4B007370BA /* FontAwesome.otf in Resources */,
				1111D1681B18CC4B007370BA /* foundation-icons.ttf in Resources */,
				55FF68681B97830200257CB9 /* AppLoadingView.xib in Resources */,
				55E166391B994EFE006817EA /* EvilIcons.ttf in Resources */,
				1111D16A1B18CC4B007370BA /* zocial-regular-webfont.ttf in Resources */,
				42F2283C1AF7E25B00A26CF9 /* photo-camera5.png in Resources */,
				BB0C0AF81B02FF7F00BDEA30 /* uiexplorer.jsbundle in Resources */,
				BBA8F26A1B0D267C009C7EB9 /* main.jsbundle in Resources */,
				13B07FBF1A68108700A75B9A /* Images.xcassets in Resources */,
				55E1663F1B994EFE006817EA /* Zocial.ttf in Resources */,
				55E1663D1B994EFE006817EA /* MaterialIcons.ttf in Resources */,
			);
			runOnlyForDeploymentPostprocessing = 0;
		};
/* End PBXResourcesBuildPhase section */

/* Begin PBXShellScriptBuildPhase section */
		03BE263292F7D7E3B0D8CB1F /* Copy Pods Resources */ = {
			isa = PBXShellScriptBuildPhase;
			buildActionMask = 2147483647;
			files = (
			);
			inputPaths = (
			);
			name = "Copy Pods Resources";
			outputPaths = (
			);
			runOnlyForDeploymentPostprocessing = 0;
			shellPath = /bin/sh;
			shellScript = "\"${SRCROOT}/Pods/Target Support Files/Pods-RNPlayNative/Pods-RNPlayNative-resources.sh\"\n";
			showEnvVarsInLog = 0;
		};
		42F8A6DB1AF0E5D700ED7DBD /* ShellScript */ = {
			isa = PBXShellScriptBuildPhase;
			buildActionMask = 2147483647;
			files = (
			);
			inputPaths = (
			);
			outputPaths = (
			);
			runOnlyForDeploymentPostprocessing = 0;
			shellPath = "/bin/bash -l";
			shellScript = "./Fabric.framework/run a90e498640897526faed1969eae7edb249e316e7 63e8bdada0fb8b75c2171444539bed079402b4f7d8adb95db9388573769bbf37";
			showEnvVarsInLog = 0;
		};
		5C263DEA9555D51CBA617FBF /* Check Pods Manifest.lock */ = {
			isa = PBXShellScriptBuildPhase;
			buildActionMask = 2147483647;
			files = (
			);
			inputPaths = (
			);
			name = "Check Pods Manifest.lock";
			outputPaths = (
			);
			runOnlyForDeploymentPostprocessing = 0;
			shellPath = /bin/sh;
			shellScript = "diff \"${PODS_ROOT}/../Podfile.lock\" \"${PODS_ROOT}/Manifest.lock\" > /dev/null\nif [[ $? != 0 ]] ; then\n    cat << EOM\nerror: The sandbox is not in sync with the Podfile.lock. Run 'pod install' or update your CocoaPods installation.\nEOM\n    exit 1\nfi\n";
			showEnvVarsInLog = 0;
		};
/* End PBXShellScriptBuildPhase section */

/* Begin PBXSourcesBuildPhase section */
		13B07F871A680F5B00A75B9A /* Sources */ = {
			isa = PBXSourcesBuildPhase;
			buildActionMask = 2147483647;
			files = (
				422720921BADBBAC00B69238 /* VibrancyViewManager.m in Sources */,
				EE49F76F1AFA1F8D002F30A8 /* ViewController.m in Sources */,
				4227206B1BADBB9E00B69238 /* BlurView.m in Sources */,
				55FF68641B97284600257CB9 /* AppLoadingView.m in Sources */,
				426E0EA71B83BF2800DCFBBC /* UIImagePickerManager.m in Sources */,
				13B07FBC1A68108700A75B9A /* AppDelegate.m in Sources */,
				422720911BADBBAC00B69238 /* VibrancyView.m in Sources */,
				13B07FC11A68108700A75B9A /* main.m in Sources */,
				55B8F8881B1E4F24002F65B0 /* AppReloader.m in Sources */,
				4227206C1BADBB9E00B69238 /* BlurViewManager.m in Sources */,
			);
			runOnlyForDeploymentPostprocessing = 0;
		};
/* End PBXSourcesBuildPhase section */

/* Begin PBXVariantGroup section */
		55B8FA351B20BA27002F65B0 /* LaunchScreen.xib */ = {
			isa = PBXVariantGroup;
			children = (
				55B8FA361B20BA27002F65B0 /* Base */,
			);
			name = LaunchScreen.xib;
			sourceTree = "<group>";
		};
/* End PBXVariantGroup section */

/* Begin XCBuildConfiguration section */
		13B07F941A680F5B00A75B9A /* Debug */ = {
			isa = XCBuildConfiguration;
			baseConfigurationReference = AC2F9B4735725E8BD57934B8 /* Pods-RNPlayNative.debug.xcconfig */;
			buildSettings = {
				ALWAYS_SEARCH_USER_PATHS = YES;
				ASSETCATALOG_COMPILER_APPICON_NAME = AppIcon;
				ASSETCATALOG_COMPILER_LAUNCHIMAGE_NAME = LaunchImage;
				CODE_SIGN_IDENTITY = "iPhone Developer";
				"CODE_SIGN_IDENTITY[sdk=iphoneos*]" = "iPhone Developer";
				ENABLE_BITCODE = NO;
				FRAMEWORK_SEARCH_PATHS = (
					"$(inherited)",
					"$(PROJECT_DIR)",
				);
				HEADER_SEARCH_PATHS = (
					"$(inherited)",
					/Applications/Xcode.app/Contents/Developer/Toolchains/XcodeDefault.xctoolchain/usr/include,
					"$(SRCROOT)/../../React/**",
					"$(SRCROOT)/node_modules/react-native/React/**",
					"$(SRCROOT)/node_modules/react-native/Libraries/**",
					"$(SRCROOT)/../react-native/React/**",
					"$(SRCROOT)/node_modules/react-native-versions/ReactNativeVersionsIOS/**",
				);
				INFOPLIST_FILE = iOS/Info.plist;
				IPHONEOS_DEPLOYMENT_TARGET = 8.3;
				LD_RUNPATH_SEARCH_PATHS = "$(inherited) @executable_path/Frameworks";
				LIBRARY_SEARCH_PATHS = (
					"$(inherited)",
					"$(PROJECT_DIR)/GoogleAnalytics-3.12/**",
				);
				New_Setting1 = "";
				OTHER_LDFLAGS = "${inherited}";
				PRODUCT_BUNDLE_IDENTIFIER = org.rnplay.playground;
				PRODUCT_NAME = Playground;
				PROVISIONING_PROFILE = "";
				TARGETED_DEVICE_FAMILY = "1,2";
			};
			name = Debug;
		};
		13B07F951A680F5B00A75B9A /* Release */ = {
			isa = XCBuildConfiguration;
			baseConfigurationReference = E2A5486E849E626600F70A74 /* Pods-RNPlayNative.release.xcconfig */;
			buildSettings = {
				ALWAYS_SEARCH_USER_PATHS = YES;
				ASSETCATALOG_COMPILER_APPICON_NAME = AppIcon;
				ASSETCATALOG_COMPILER_LAUNCHIMAGE_NAME = LaunchImage;
				CODE_SIGN_IDENTITY = "iPhone Developer";
				"CODE_SIGN_IDENTITY[sdk=iphoneos*]" = "iPhone Developer";
				ENABLE_BITCODE = NO;
				FRAMEWORK_SEARCH_PATHS = (
					"$(inherited)",
					"$(PROJECT_DIR)",
				);
				GCC_PREPROCESSOR_DEFINITIONS = (
					"RCT_DEBUG=1",
					"RCT_DEV=1",
					"${inherited}",
				);
				HEADER_SEARCH_PATHS = (
					"$(inherited)",
					/Applications/Xcode.app/Contents/Developer/Toolchains/XcodeDefault.xctoolchain/usr/include,
					"$(SRCROOT)/../../React/**",
					"$(SRCROOT)/node_modules/react-native/React/**",
					"$(SRCROOT)/node_modules/react-native/Libraries/**",
					"$(SRCROOT)/../react-native/React/**",
					"$(SRCROOT)/node_modules/react-native-versions/ReactNativeVersionsIOS/**",
				);
				INFOPLIST_FILE = iOS/Info.plist;
				IPHONEOS_DEPLOYMENT_TARGET = 8.3;
				LD_RUNPATH_SEARCH_PATHS = "$(inherited) @executable_path/Frameworks";
				LIBRARY_SEARCH_PATHS = (
					"$(inherited)",
					"$(PROJECT_DIR)/GoogleAnalytics-3.12/**",
				);
				New_Setting1 = "";
				OTHER_LDFLAGS = "${inherited}";
				PRODUCT_BUNDLE_IDENTIFIER = org.rnplay.playground;
				PRODUCT_NAME = Playground;
				PROVISIONING_PROFILE = "";
				TARGETED_DEVICE_FAMILY = "1,2";
			};
			name = Release;
		};
		83CBBA201A601CBA00E9B192 /* Debug */ = {
			isa = XCBuildConfiguration;
			buildSettings = {
				ALWAYS_SEARCH_USER_PATHS = NO;
				CLANG_CXX_LANGUAGE_STANDARD = "gnu++0x";
				CLANG_CXX_LIBRARY = "libc++";
				CLANG_ENABLE_MODULES = YES;
				CLANG_ENABLE_OBJC_ARC = YES;
				CLANG_WARN_BOOL_CONVERSION = YES;
				CLANG_WARN_CONSTANT_CONVERSION = YES;
				CLANG_WARN_DIRECT_OBJC_ISA_USAGE = YES_ERROR;
				CLANG_WARN_EMPTY_BODY = YES;
				CLANG_WARN_ENUM_CONVERSION = YES;
				CLANG_WARN_INT_CONVERSION = YES;
				CLANG_WARN_OBJC_ROOT_CLASS = YES;
				CLANG_WARN_UNREACHABLE_CODE = YES;
				CLANG_WARN__DUPLICATE_METHOD_MATCH = YES;
				"CODE_SIGN_IDENTITY[sdk=iphoneos*]" = "iPhone Developer";
				COPY_PHASE_STRIP = NO;
				CURRENT_PROJECT_VERSION = 17;
				ENABLE_STRICT_OBJC_MSGSEND = YES;
				ENABLE_TESTABILITY = YES;
				GCC_C_LANGUAGE_STANDARD = gnu99;
				GCC_DYNAMIC_NO_PIC = NO;
				GCC_OPTIMIZATION_LEVEL = 0;
				GCC_PREPROCESSOR_DEFINITIONS = (
					"DEBUG=1",
					"$(inherited)",
					"RNPLAY_DEBUG=1",
				);
				GCC_SYMBOLS_PRIVATE_EXTERN = NO;
				GCC_WARN_64_TO_32_BIT_CONVERSION = YES;
				GCC_WARN_ABOUT_RETURN_TYPE = YES_ERROR;
				GCC_WARN_UNDECLARED_SELECTOR = YES;
				GCC_WARN_UNINITIALIZED_AUTOS = YES_AGGRESSIVE;
				GCC_WARN_UNUSED_FUNCTION = YES;
				GCC_WARN_UNUSED_VARIABLE = YES;
				HEADER_SEARCH_PATHS = (
					"$(inherited)",
					/Applications/Xcode.app/Contents/Developer/Toolchains/XcodeDefault.xctoolchain/usr/include,
					"$(SRCROOT)/node_modules/react-native/React/**",
				);
				IPHONEOS_DEPLOYMENT_TARGET = 7.1;
				MTL_ENABLE_DEBUG_INFO = YES;
				New_Setting = "";
				ONLY_ACTIVE_ARCH = YES;
				SDKROOT = iphoneos;
			};
			name = Debug;
		};
		83CBBA211A601CBA00E9B192 /* Release */ = {
			isa = XCBuildConfiguration;
			buildSettings = {
				ALWAYS_SEARCH_USER_PATHS = NO;
				CLANG_CXX_LANGUAGE_STANDARD = "gnu++0x";
				CLANG_CXX_LIBRARY = "libc++";
				CLANG_ENABLE_MODULES = YES;
				CLANG_ENABLE_OBJC_ARC = YES;
				CLANG_WARN_BOOL_CONVERSION = YES;
				CLANG_WARN_CONSTANT_CONVERSION = YES;
				CLANG_WARN_DIRECT_OBJC_ISA_USAGE = YES_ERROR;
				CLANG_WARN_EMPTY_BODY = YES;
				CLANG_WARN_ENUM_CONVERSION = YES;
				CLANG_WARN_INT_CONVERSION = YES;
				CLANG_WARN_OBJC_ROOT_CLASS = YES;
				CLANG_WARN_UNREACHABLE_CODE = YES;
				CLANG_WARN__DUPLICATE_METHOD_MATCH = YES;
				CODE_SIGN_IDENTITY = "iPhone Distribution: Joshua Sierles (N4R7275KQM)";
				"CODE_SIGN_IDENTITY[sdk=iphoneos*]" = "iPhone Distribution: Joshua Sierles (N4R7275KQM)";
				COPY_PHASE_STRIP = YES;
				CURRENT_PROJECT_VERSION = 17;
				ENABLE_NS_ASSERTIONS = NO;
				ENABLE_STRICT_OBJC_MSGSEND = YES;
				GCC_C_LANGUAGE_STANDARD = gnu99;
				GCC_WARN_64_TO_32_BIT_CONVERSION = YES;
				GCC_WARN_ABOUT_RETURN_TYPE = YES_ERROR;
				GCC_WARN_UNDECLARED_SELECTOR = YES;
				GCC_WARN_UNINITIALIZED_AUTOS = YES_AGGRESSIVE;
				GCC_WARN_UNUSED_FUNCTION = YES;
				GCC_WARN_UNUSED_VARIABLE = YES;
				HEADER_SEARCH_PATHS = (
					"$(inherited)",
					/Applications/Xcode.app/Contents/Developer/Toolchains/XcodeDefault.xctoolchain/usr/include,
					"$(SRCROOT)/node_modules/react-native/React/**",
				);
				IPHONEOS_DEPLOYMENT_TARGET = 7.1;
				MTL_ENABLE_DEBUG_INFO = NO;
				New_Setting = "";
				SDKROOT = iphoneos;
				VALIDATE_PRODUCT = YES;
			};
			name = Release;
		};
/* End XCBuildConfiguration section */

/* Begin XCConfigurationList section */
		13B07F931A680F5B00A75B9A /* Build configuration list for PBXNativeTarget "RNPlayNative" */ = {
			isa = XCConfigurationList;
			buildConfigurations = (
				13B07F941A680F5B00A75B9A /* Debug */,
				13B07F951A680F5B00A75B9A /* Release */,
			);
			defaultConfigurationIsVisible = 0;
			defaultConfigurationName = Release;
		};
		83CBB9FA1A601CBA00E9B192 /* Build configuration list for PBXProject "RNPlayNative" */ = {
			isa = XCConfigurationList;
			buildConfigurations = (
				83CBBA201A601CBA00E9B192 /* Debug */,
				83CBBA211A601CBA00E9B192 /* Release */,
			);
			defaultConfigurationIsVisible = 0;
			defaultConfigurationName = Release;
		};
/* End XCConfigurationList section */
	};
	rootObject = 83CBB9F71A601CBA00E9B192 /* Project object */;
}
