PODS:
  - React (0.4.1):
    - React/Core (= 0.4.1)
  - react-native-camera (0.2.1)
  - React/Core (0.4.1)
  - React/RCTImage (0.4.1):
    - React/Core
  - React/RCTText (0.4.1):
    - React/Core

DEPENDENCIES:
  - React (from `node_modules/react-native`)
  - react-native-camera (from `node_modules/react-native-camera/react-native-camera.podspec`)
  - React/RCTImage (from `node_modules/react-native`)
  - React/RCTText (from `node_modules/react-native`)

EXTERNAL SOURCES:
  React:
    :path: node_modules/react-native
  react-native-camera:
    :path: node_modules/react-native-camera/react-native-camera.podspec

SPEC CHECKSUMS:
  React: 8574061eabd2b790dd366403345ab1b0be4c0f19
  react-native-camera: 40f97ee6a2c6ab3d3075383078c48e7a0f197929

COCOAPODS: 0.36.4
